
Microsoft Visual Studio Solution File, Format Version 12.00
# Visual Studio 2012
Project("{FAE04EC0-301F-11D3-BF4B-00C04F79EFBC}") = "OfficeToImages", "OfficeToImages.csproj", "{EFCB5CBB-DA2B-425E-869E-D5F33F67BEFE}"
EndProject
Global
	GlobalSection(SolutionConfigurationPlatforms) = preSolution
		Debug|Any CPU = Debug|Any CPU
		Release|Any CPU = Release|Any CPU
	EndGlobalSection
	GlobalSection(ProjectConfigurationPlatforms) = postSolution
		{EFCB5CBB-DA2B-425E-869E-D5F33F67BEFE}.Debug|Any CPU.ActiveCfg = Debug|Any CPU
		{EFCB5CBB-DA2B-425E-869E-D5F33F67BEFE}.Debug|Any CPU.Build.0 = Debug|Any CPU
		{EFCB5CBB-DA2B-425E-869E-D5F33F67BEFE}.Release|Any CPU.ActiveCfg = Release|Any CPU
		{EFCB5CBB-DA2B-425E-869E-D5F33F67BEFE}.Release|Any CPU.Build.0 = Release|Any CPU
	EndGlobalSection
	GlobalSection(SolutionProperties) = preSolution
		HideSolutionNode = FALSE
	EndGlobalSection
EndGlobal
