
Microsoft Visual Studio Solution File, Format Version 12.00
# Visual Studio 2012
Project("{FAE04EC0-301F-11D3-BF4B-00C04F79EFBC}") = "Ambeth.Test", "Ambeth.Test.csproj", "{481E695B-9076-454F-87B7-CA3F5E193790}"
EndProject
Project("{FAE04EC0-301F-11D3-BF4B-00C04F79EFBC}") = "Ambeth.Util", "..\Ambeth.Util\Ambeth.Util.csproj", "{271E6992-6B52-41EE-9D4C-5A56FD173C2E}"
EndProject
Project("{FAE04EC0-301F-11D3-BF4B-00C04F79EFBC}") = "Ambeth.IOC", "..\Ambeth.IOC\Ambeth.IOC.csproj", "{FB7182DA-BBB9-4434-A936-10A29635E6D3}"
EndProject
Project("{FAE04EC0-301F-11D3-BF4B-00C04F79EFBC}") = "Ambeth.Log", "..\Ambeth.Log\Ambeth.Log.csproj", "{E5A70D5C-EE4F-40FA-BE23-5352D40C7B33}"
EndProject
Project("{FAE04EC0-301F-11D3-BF4B-00C04F79EFBC}") = "Ambeth.Merge", "..\Ambeth.Merge\Ambeth.Merge.csproj", "{D8C0CA71-B7FC-4699-97C2-4DEB72EEC485}"
EndProject
Project("{FAE04EC0-301F-11D3-BF4B-00C04F79EFBC}") = "Ambeth.Event", "..\Ambeth.Event\Ambeth.Event.csproj", "{CF078F90-70FB-49BB-842F-D5B78D415108}"
EndProject
Project("{FAE04EC0-301F-11D3-BF4B-00C04F79EFBC}") = "Ambeth.Service", "..\Ambeth.Service\Ambeth.Service.csproj", "{EC138571-28DF-4944-8EF2-D31FB186A645}"
EndProject
Project("{FAE04EC0-301F-11D3-BF4B-00C04F79EFBC}") = "Ambeth.Xml", "..\Ambeth.Xml\Ambeth.Xml.csproj", "{5693E87D-AE36-41AD-A6CC-232062ECD865}"
EndProject
Project("{FAE04EC0-301F-11D3-BF4B-00C04F79EFBC}") = "Ambeth.Security", "..\Ambeth.Security\Ambeth.Security.csproj", "{336798D1-D839-4256-B93B-B738B5BF4B3B}"
EndProject
Project("{FAE04EC0-301F-11D3-BF4B-00C04F79EFBC}") = "Ambeth.Cache", "..\Ambeth.Cache\Ambeth.Cache.csproj", "{5C497020-6155-40CD-9C97-3C273718FE2E}"
EndProject
Project("{FAE04EC0-301F-11D3-BF4B-00C04F79EFBC}") = "Ambeth.DataChange", "..\Ambeth.DataChange\Ambeth.DataChange.csproj", "{FD72AC81-65E4-46CE-AD09-EFDABC84F384}"
EndProject
Project("{FAE04EC0-301F-11D3-BF4B-00C04F79EFBC}") = "Ambeth.CacheDataChange", "..\Ambeth.CacheDataChange\Ambeth.CacheDataChange.csproj", "{575A599C-165F-47F1-9193-A23E884C96DD}"
EndProject
Project("{FAE04EC0-301F-11D3-BF4B-00C04F79EFBC}") = "Ambeth.Xml.Test", "..\Ambeth.Xml.Test\Ambeth.Xml.Test.csproj", "{4D2C52A0-79EF-420B-88FC-8AE664E65905}"
EndProject
Project("{FAE04EC0-301F-11D3-BF4B-00C04F79EFBC}") = "Ambeth.Merge.Test", "..\Ambeth.Merge.Test\Ambeth.Merge.Test.csproj", "{7D6F4F78-FC61-470B-BA5A-3D806723BBD7}"
EndProject
Project("{FAE04EC0-301F-11D3-BF4B-00C04F79EFBC}") = "Ambeth.Filter", "..\Ambeth.Filter\Ambeth.Filter.csproj", "{D952E360-12C3-4AC0-8B30-DD0E0E91932E}"
EndProject
Project("{2150E333-8FDC-42A3-9474-1A3956D46DE8}") = "Solution Items", "Solution Items", "{A861F9C6-1B5B-4BC4-9091-3F8D12733D39}"
	ProjectSection(SolutionItems) = preProject
		Ambeth.Test.vsmdi = Ambeth.Test.vsmdi
		Local.testsettings = Local.testsettings
		TraceAndTestImpact.testsettings = TraceAndTestImpact.testsettings
	EndProjectSection
EndProject
Project("{FAE04EC0-301F-11D3-BF4B-00C04F79EFBC}") = "Ambeth.Mapping", "..\Ambeth.Mapping\Ambeth.Mapping.csproj", "{02859B45-2305-4FD2-B504-245DE8E8595D}"
EndProject
Project("{FAE04EC0-301F-11D3-BF4B-00C04F79EFBC}") = "Ambeth.Service.REST", "..\Ambeth.Service.REST\Ambeth.Service.REST.csproj", "{16C4EE4E-7165-4280-99E6-A6C4E4058471}"
EndProject
Project("{FAE04EC0-301F-11D3-BF4B-00C04F79EFBC}") = "Minerva.Core.WinForms", "..\Minerva.Core\Minerva.Core.WinForms.csproj", "{C6A308BC-A9E0-434F-BD96-B6DD82DE50C7}"
EndProject
Project("{FAE04EC0-301F-11D3-BF4B-00C04F79EFBC}") = "Minerva.Core.WPF", "..\Minerva.Core\Minerva.Core.WPF.csproj", "{3DEF4EB6-067C-40D7-9FB2-A274CE38DFF4}"
EndProject
Project("{FAE04EC0-301F-11D3-BF4B-00C04F79EFBC}") = "Ambeth.Util.SL5", "..\Ambeth.Util\Ambeth.Util.SL5.csproj", "{AE8460D7-0819-4F8C-8578-9324859C6B96}"
EndProject
Project("{FAE04EC0-301F-11D3-BF4B-00C04F79EFBC}") = "Ambeth.Log.SL5", "..\Ambeth.Log\Ambeth.Log.SL5.csproj", "{2C44A82D-C27F-4B46-8700-DF4C130E9176}"
EndProject
Project("{FAE04EC0-301F-11D3-BF4B-00C04F79EFBC}") = "Ambeth.IOC.SL5", "..\Ambeth.IOC\Ambeth.IOC.SL5.csproj", "{19A96089-734E-47F9-983C-298DD17A4517}"
EndProject
Project("{FAE04EC0-301F-11D3-BF4B-00C04F79EFBC}") = "Ambeth.Cache.SL5", "..\Ambeth.Cache\Ambeth.Cache.SL5.csproj", "{AABFCB0F-80E5-494A-90F9-5009CBB19121}"
EndProject
Project("{FAE04EC0-301F-11D3-BF4B-00C04F79EFBC}") = "Ambeth.CacheDataChange.SL5", "..\Ambeth.CacheDataChange\Ambeth.CacheDataChange.SL5.csproj", "{7EACD11D-7441-41AA-B96B-D65B49314469}"
EndProject
Project("{FAE04EC0-301F-11D3-BF4B-00C04F79EFBC}") = "Ambeth.DataChange.SL5", "..\Ambeth.DataChange\Ambeth.DataChange.SL5.csproj", "{A57F807F-8214-4BD4-A3E3-8EBA065D4D37}"
EndProject
Project("{FAE04EC0-301F-11D3-BF4B-00C04F79EFBC}") = "Ambeth.Event.SL5", "..\Ambeth.Event\Ambeth.Event.SL5.csproj", "{5F63DBA2-BDA5-4CEC-937E-71438F68060D}"
EndProject
Project("{FAE04EC0-301F-11D3-BF4B-00C04F79EFBC}") = "Ambeth.Filter.SL5", "..\Ambeth.Filter\Ambeth.Filter.SL5.csproj", "{26C671A2-5AFB-4B90-8DEA-1F90B1917CEA}"
EndProject
Project("{FAE04EC0-301F-11D3-BF4B-00C04F79EFBC}") = "Ambeth.Log.Service.SL5", "..\Ambeth.Log.Service\Ambeth.Log.Service.SL5.csproj", "{E4F776CD-3B86-4BF8-9A2F-5FD100071044}"
EndProject
Project("{FAE04EC0-301F-11D3-BF4B-00C04F79EFBC}") = "Ambeth.Mapping.SL5", "..\Ambeth.Mapping\Ambeth.Mapping.SL5.csproj", "{77313FCA-26D7-47C8-8A99-9D3DAE56A937}"
EndProject
Project("{FAE04EC0-301F-11D3-BF4B-00C04F79EFBC}") = "Ambeth.Merge.SL5", "..\Ambeth.Merge\Ambeth.Merge.SL5.csproj", "{C5578625-B948-4A25-9712-ACE10E075C82}"
EndProject
Project("{FAE04EC0-301F-11D3-BF4B-00C04F79EFBC}") = "Ambeth.Security.SL5", "..\Ambeth.Security\Ambeth.Security.SL5.csproj", "{E7A4E157-0CFB-4F55-A6DC-631134D89096}"
EndProject
Project("{FAE04EC0-301F-11D3-BF4B-00C04F79EFBC}") = "Ambeth.Service.SL5", "..\Ambeth.Service\Ambeth.Service.SL5.csproj", "{0E9CB1B1-CB78-4B7E-A404-8F223665B4E3}"
EndProject
Project("{FAE04EC0-301F-11D3-BF4B-00C04F79EFBC}") = "Ambeth.Service.REST.SL5", "..\Ambeth.Service.REST\Ambeth.Service.REST.SL5.csproj", "{BB63BA7E-FC39-456A-B8D6-2751DEAF9259}"
EndProject
Project("{FAE04EC0-301F-11D3-BF4B-00C04F79EFBC}") = "Ambeth.Service.WCF.SL5", "..\Ambeth.Service.WCF\Ambeth.Service.WCF.SL5.csproj", "{063C818C-1317-4F15-A05F-23BA723C6181}"
EndProject
Project("{FAE04EC0-301F-11D3-BF4B-00C04F79EFBC}") = "Ambeth.Xml.SL5", "..\Ambeth.Xml\Ambeth.Xml.SL5.csproj", "{A6BF22D5-1FDB-422F-B90D-11C6CB097E16}"
EndProject
Project("{FAE04EC0-301F-11D3-BF4B-00C04F79EFBC}") = "Minerva.Core.SL5", "..\Minerva.Core\Minerva.Core.SL5.csproj", "{44312772-42FB-4EDE-BF4D-A654C5B03469}"
EndProject
Project("{FAE04EC0-301F-11D3-BF4B-00C04F79EFBC}") = "Ambeth.Service.WCF", "..\Ambeth.Service.WCF\Ambeth.Service.WCF.csproj", "{8C57CA7C-3601-4DAF-8A90-6ED628E522F2}"
EndProject
Project("{FAE04EC0-301F-11D3-BF4B-00C04F79EFBC}") = "Ambeth.IOC.Test", "..\Ambeth.IOC.Test\Ambeth.IOC.Test.csproj", "{702447E8-19E6-4441-8E55-3F43E5E48FE9}"
EndProject
Project("{FAE04EC0-301F-11D3-BF4B-00C04F79EFBC}") = "Ambeth.Util.Test", "..\Ambeth.Util.Test\Ambeth.Util.Test.csproj", "{7F3520B1-EE20-404E-941C-1284DC2C5F11}"
EndProject
Project("{FAE04EC0-301F-11D3-BF4B-00C04F79EFBC}") = "Ambeth.Bytecode", "..\Ambeth.Bytecode\Ambeth.Bytecode.csproj", "{CBA7AD4B-AB18-4AE9-BEEA-15A036CD6BC5}"
EndProject
Project("{FAE04EC0-301F-11D3-BF4B-00C04F79EFBC}") = "Ambeth.Bytecode.SL5", "..\Ambeth.Bytecode\Ambeth.Bytecode.SL5.csproj", "{DCCB3D82-3ABE-42E3-882B-7EE768FE35A2}"
EndProject
Project("{FAE04EC0-301F-11D3-BF4B-00C04F79EFBC}") = "Ambeth.Cache.Bytecode", "..\Ambeth.Cache.Bytecode\Ambeth.Cache.Bytecode.csproj", "{7782C99C-31AB-40E7-B113-2615018D3916}"
EndProject
Project("{FAE04EC0-301F-11D3-BF4B-00C04F79EFBC}") = "Ambeth.Cache.Bytecode.SL5", "..\Ambeth.Cache.Bytecode\Ambeth.Cache.Bytecode.SL5.csproj", "{5EE6D7BE-19AA-46A6-9CE6-642B4C4E5187}"
EndProject
Project("{FAE04EC0-301F-11D3-BF4B-00C04F79EFBC}") = "Ambeth.Merge.Bytecode", "..\Ambeth.Merge.Bytecode\Ambeth.Merge.Bytecode.csproj", "{F9F3DAF6-681C-4039-8F2B-EBB6E6A1B4D7}"
EndProject
Project("{FAE04EC0-301F-11D3-BF4B-00C04F79EFBC}") = "Ambeth.Merge.Bytecode.SL5", "..\Ambeth.Merge.Bytecode\Ambeth.Merge.Bytecode.SL5.csproj", "{A075EEBD-79EB-4544-8F55-79E685C09471}"
EndProject
Project("{FAE04EC0-301F-11D3-BF4B-00C04F79EFBC}") = "Ambeth.Bytecode.SL4", "..\Ambeth.Bytecode\Ambeth.Bytecode.SL4.csproj", "{19992817-1672-4FB4-A103-09309CB26C67}"
EndProject
Project("{FAE04EC0-301F-11D3-BF4B-00C04F79EFBC}") = "Ambeth.Cache.SL4", "..\Ambeth.Cache\Ambeth.Cache.SL4.csproj", "{52FB218A-59D2-4DA0-99E7-DC060F6983C8}"
EndProject
Project("{FAE04EC0-301F-11D3-BF4B-00C04F79EFBC}") = "Ambeth.Cache.Bytecode.SL4", "..\Ambeth.Cache.Bytecode\Ambeth.Cache.Bytecode.SL4.csproj", "{D62CDAB7-24AE-485E-A4B3-BC776E82ED4D}"
EndProject
Project("{FAE04EC0-301F-11D3-BF4B-00C04F79EFBC}") = "Ambeth.CacheDataChange.SL4", "..\Ambeth.CacheDataChange\Ambeth.CacheDataChange.SL4.csproj", "{9727345B-D25D-4570-9F24-9D9BCF84C076}"
EndProject
Project("{FAE04EC0-301F-11D3-BF4B-00C04F79EFBC}") = "Ambeth.DataChange.SL4", "..\Ambeth.DataChange\Ambeth.DataChange.SL4.csproj", "{54A9EE0B-D950-4752-B017-030DF65E4D60}"
EndProject
Project("{FAE04EC0-301F-11D3-BF4B-00C04F79EFBC}") = "Ambeth.Event.SL4", "..\Ambeth.Event\Ambeth.Event.SL4.csproj", "{3E1851C7-3BAA-4757-8858-8BD7EA55F842}"
EndProject
Project("{FAE04EC0-301F-11D3-BF4B-00C04F79EFBC}") = "Ambeth.Filter.SL4", "..\Ambeth.Filter\Ambeth.Filter.SL4.csproj", "{A962E253-09EA-4311-8A0A-E298AAD81204}"
EndProject
Project("{FAE04EC0-301F-11D3-BF4B-00C04F79EFBC}") = "Ambeth.IOC.SL4", "..\Ambeth.IOC\Ambeth.IOC.SL4.csproj", "{BDA824AF-09F2-4338-86AE-B05552CD542E}"
EndProject
Project("{FAE04EC0-301F-11D3-BF4B-00C04F79EFBC}") = "Ambeth.Log.SL4", "..\Ambeth.Log\Ambeth.Log.SL4.csproj", "{470B5E14-25AD-448A-9C8B-50A594E84EF6}"
EndProject
Project("{FAE04EC0-301F-11D3-BF4B-00C04F79EFBC}") = "Ambeth.Log.Service.SL4", "..\Ambeth.Log.Service\Ambeth.Log.Service.SL4.csproj", "{0545E956-B222-4574-9C08-5BADD2316125}"
EndProject
Project("{FAE04EC0-301F-11D3-BF4B-00C04F79EFBC}") = "Ambeth.Mapping.SL4", "..\Ambeth.Mapping\Ambeth.Mapping.SL4.csproj", "{12E8E26B-98FE-46C0-BAC4-BCC70ACFB2DC}"
EndProject
Project("{FAE04EC0-301F-11D3-BF4B-00C04F79EFBC}") = "Ambeth.Merge.SL4", "..\Ambeth.Merge\Ambeth.Merge.SL4.csproj", "{BA00BDE1-75CB-438F-85B6-3BA2A6F0F6D3}"
EndProject
Project("{FAE04EC0-301F-11D3-BF4B-00C04F79EFBC}") = "Ambeth.Merge.Bytecode.SL4", "..\Ambeth.Merge.Bytecode\Ambeth.Merge.Bytecode.SL4.csproj", "{6A7FA105-F422-4CBC-84A4-A71BF98204A6}"
EndProject
Project("{FAE04EC0-301F-11D3-BF4B-00C04F79EFBC}") = "Ambeth.Security.SL4", "..\Ambeth.Security\Ambeth.Security.SL4.csproj", "{6B20E123-53AA-4B41-A16E-6634CA212691}"
EndProject
Project("{FAE04EC0-301F-11D3-BF4B-00C04F79EFBC}") = "Ambeth.Service.SL4", "..\Ambeth.Service\Ambeth.Service.SL4.csproj", "{AAA73AA7-506D-43B3-B74E-CFD2382ADFDE}"
EndProject
Project("{FAE04EC0-301F-11D3-BF4B-00C04F79EFBC}") = "Ambeth.Service.REST.SL4", "..\Ambeth.Service.REST\Ambeth.Service.REST.SL4.csproj", "{8A030E67-86EB-49B5-B30B-0E9D86A50CE4}"
EndProject
Project("{FAE04EC0-301F-11D3-BF4B-00C04F79EFBC}") = "Ambeth.Service.WCF.SL4", "..\Ambeth.Service.WCF\Ambeth.Service.WCF.SL4.csproj", "{1B4513DD-27F5-4FDF-B022-B0680F3FB690}"
EndProject
Project("{FAE04EC0-301F-11D3-BF4B-00C04F79EFBC}") = "Ambeth.Util.SL4", "..\Ambeth.Util\Ambeth.Util.SL4.csproj", "{9E849E17-44AA-419E-8831-B048AE0589A7}"
EndProject
Project("{FAE04EC0-301F-11D3-BF4B-00C04F79EFBC}") = "Ambeth.Xml.SL4", "..\Ambeth.Xml\Ambeth.Xml.SL4.csproj", "{1FE90E3B-5966-4008-A517-3933B2DD9B5C}"
EndProject
Project("{FAE04EC0-301F-11D3-BF4B-00C04F79EFBC}") = "Minerva.Core.SL4", "..\Minerva.Core\Minerva.Core.SL4.csproj", "{B36103AA-C954-4F45-9F7A-7E648A147ADC}"
EndProject
Project("{FAE04EC0-301F-11D3-BF4B-00C04F79EFBC}") = "Minerva.Test", "..\Minerva.Client\Minerva.Test.csproj", "{EA8867B0-2A95-45A9-80A7-7F2BE0BC2E3A}"
EndProject
Project("{FAE04EC0-301F-11D3-BF4B-00C04F79EFBC}") = "Ambeth.TestUtil", "..\Ambeth.TestUtil\Ambeth.TestUtil.csproj", "{BD4AEFFC-FB36-4BCF-8DE6-3A96AAD9BD2C}"
EndProject
Project("{FAE04EC0-301F-11D3-BF4B-00C04F79EFBC}") = "Ambeth.Event.DataChange", "..\Ambeth.Event.DataChange\Ambeth.Event.DataChange.csproj", "{1EC86005-0BF5-46EE-BC69-172ADABDB858}"
EndProject
Project("{FAE04EC0-301F-11D3-BF4B-00C04F79EFBC}") = "Ambeth.Event.DataChange.SL4", "..\Ambeth.Event.DataChange\Ambeth.Event.DataChange.SL4.csproj", "{E8DDA854-825F-418B-8BE4-65D20EBD704E}"
EndProject
Project("{FAE04EC0-301F-11D3-BF4B-00C04F79EFBC}") = "Ambeth.Event.DataChange.SL5", "..\Ambeth.Event.DataChange\Ambeth.Event.DataChange.SL5.csproj", "{EB3581A9-6FD0-4AFE-ACA5-FC94744D04DB}"
EndProject
Project("{FAE04EC0-301F-11D3-BF4B-00C04F79EFBC}") = "Ambeth.Log.Service", "..\Ambeth.Log.Service\Ambeth.Log.Service.csproj", "{D635449D-BA04-4345-880F-1CD97A4A8248}"
EndProject
Project("{FAE04EC0-301F-11D3-BF4B-00C04F79EFBC}") = "Ambeth.Platform", "..\Ambeth.Platform\Ambeth.Platform.csproj", "{135FAF48-AA90-40B8-BBD1-E65CD8536E45}"
EndProject
Project("{FAE04EC0-301F-11D3-BF4B-00C04F79EFBC}") = "Ambeth.Platform.SL4", "..\Ambeth.Platform\Ambeth.Platform.SL4.csproj", "{1C971D00-62DF-48EB-94B0-BA7E9FACAF52}"
EndProject
Project("{FAE04EC0-301F-11D3-BF4B-00C04F79EFBC}") = "Ambeth.Platform.SL5", "..\Ambeth.Platform\Ambeth.Platform.SL5.csproj", "{96BD4E36-14D5-45DA-B09A-7EBD2B02990F}"
EndProject
Project("{FAE04EC0-301F-11D3-BF4B-00C04F79EFBC}") = "Ambeth.Persistence.API", "..\Ambeth.Persistence.API\Ambeth.Persistence.API.csproj", "{EB70C286-064D-44EB-B105-05537581C833}"
EndProject
Project("{FAE04EC0-301F-11D3-BF4B-00C04F79EFBC}") = "Ambeth.Persistence.API.SL4", "..\Ambeth.Persistence.API\Ambeth.Persistence.API.SL4.csproj", "{7BA3EBA6-B63D-4A5C-89AC-0D769F9DF8A9}"
EndProject
Project("{FAE04EC0-301F-11D3-BF4B-00C04F79EFBC}") = "Ambeth.Persistence.API.SL5", "..\Ambeth.Persistence.API\Ambeth.Persistence.API.SL5.csproj", "{4B96C570-31EC-471C-B3DC-74C6A707722C}"
EndProject
Project("{FAE04EC0-301F-11D3-BF4B-00C04F79EFBC}") = "Ambeth.Query", "..\Ambeth.Query\Ambeth.Query.csproj", "{B0592565-98DE-466C-8766-D4871FD1A30E}"
EndProject
Project("{FAE04EC0-301F-11D3-BF4B-00C04F79EFBC}") = "Ambeth.Query.SL4", "..\Ambeth.Query\Ambeth.Query.SL4.csproj", "{745060E7-6204-4F18-871B-24D87931420E}"
EndProject
Project("{FAE04EC0-301F-11D3-BF4B-00C04F79EFBC}") = "Ambeth.Query.SL5", "..\Ambeth.Query\Ambeth.Query.SL5.csproj", "{53617AE6-A099-474D-9E1F-375DE025ACD5}"
EndProject
Global
	GlobalSection(TestCaseManagementSettings) = postSolution
		CategoryFile = Ambeth.Test.vsmdi
	EndGlobalSection
	GlobalSection(SolutionConfigurationPlatforms) = preSolution
		Debug|Any CPU = Debug|Any CPU
		Debug|Mixed Platforms = Debug|Mixed Platforms
		Debug|x86 = Debug|x86
		Release|Any CPU = Release|Any CPU
		Release|Mixed Platforms = Release|Mixed Platforms
		Release|x86 = Release|x86
	EndGlobalSection
	GlobalSection(ProjectConfigurationPlatforms) = postSolution
		{481E695B-9076-454F-87B7-CA3F5E193790}.Debug|Any CPU.ActiveCfg = Debug|Any CPU
		{481E695B-9076-454F-87B7-CA3F5E193790}.Debug|Any CPU.Build.0 = Debug|Any CPU
		{481E695B-9076-454F-87B7-CA3F5E193790}.Debug|Mixed Platforms.ActiveCfg = Debug|Any CPU
		{481E695B-9076-454F-87B7-CA3F5E193790}.Debug|Mixed Platforms.Build.0 = Debug|Any CPU
		{481E695B-9076-454F-87B7-CA3F5E193790}.Debug|x86.ActiveCfg = Debug|Any CPU
		{481E695B-9076-454F-87B7-CA3F5E193790}.Release|Any CPU.ActiveCfg = Release|Any CPU
		{481E695B-9076-454F-87B7-CA3F5E193790}.Release|Any CPU.Build.0 = Release|Any CPU
		{481E695B-9076-454F-87B7-CA3F5E193790}.Release|Mixed Platforms.ActiveCfg = Release|Any CPU
		{481E695B-9076-454F-87B7-CA3F5E193790}.Release|Mixed Platforms.Build.0 = Release|Any CPU
		{481E695B-9076-454F-87B7-CA3F5E193790}.Release|x86.ActiveCfg = Release|Any CPU
		{271E6992-6B52-41EE-9D4C-5A56FD173C2E}.Debug|Any CPU.ActiveCfg = Debug|Any CPU
		{271E6992-6B52-41EE-9D4C-5A56FD173C2E}.Debug|Any CPU.Build.0 = Debug|Any CPU
		{271E6992-6B52-41EE-9D4C-5A56FD173C2E}.Debug|Mixed Platforms.ActiveCfg = Debug|Any CPU
		{271E6992-6B52-41EE-9D4C-5A56FD173C2E}.Debug|Mixed Platforms.Build.0 = Debug|Any CPU
		{271E6992-6B52-41EE-9D4C-5A56FD173C2E}.Debug|x86.ActiveCfg = Debug|Any CPU
		{271E6992-6B52-41EE-9D4C-5A56FD173C2E}.Release|Any CPU.ActiveCfg = Release|Any CPU
		{271E6992-6B52-41EE-9D4C-5A56FD173C2E}.Release|Any CPU.Build.0 = Release|Any CPU
		{271E6992-6B52-41EE-9D4C-5A56FD173C2E}.Release|Mixed Platforms.ActiveCfg = Release|Any CPU
		{271E6992-6B52-41EE-9D4C-5A56FD173C2E}.Release|Mixed Platforms.Build.0 = Release|Any CPU
		{271E6992-6B52-41EE-9D4C-5A56FD173C2E}.Release|x86.ActiveCfg = Release|Any CPU
		{FB7182DA-BBB9-4434-A936-10A29635E6D3}.Debug|Any CPU.ActiveCfg = Debug|Any CPU
		{FB7182DA-BBB9-4434-A936-10A29635E6D3}.Debug|Any CPU.Build.0 = Debug|Any CPU
		{FB7182DA-BBB9-4434-A936-10A29635E6D3}.Debug|Mixed Platforms.ActiveCfg = Debug|Any CPU
		{FB7182DA-BBB9-4434-A936-10A29635E6D3}.Debug|Mixed Platforms.Build.0 = Debug|Any CPU
		{FB7182DA-BBB9-4434-A936-10A29635E6D3}.Debug|x86.ActiveCfg = Debug|Any CPU
		{FB7182DA-BBB9-4434-A936-10A29635E6D3}.Release|Any CPU.ActiveCfg = Release|Any CPU
		{FB7182DA-BBB9-4434-A936-10A29635E6D3}.Release|Any CPU.Build.0 = Release|Any CPU
		{FB7182DA-BBB9-4434-A936-10A29635E6D3}.Release|Mixed Platforms.ActiveCfg = Release|Any CPU
		{FB7182DA-BBB9-4434-A936-10A29635E6D3}.Release|Mixed Platforms.Build.0 = Release|Any CPU
		{FB7182DA-BBB9-4434-A936-10A29635E6D3}.Release|x86.ActiveCfg = Release|Any CPU
		{E5A70D5C-EE4F-40FA-BE23-5352D40C7B33}.Debug|Any CPU.ActiveCfg = Debug|Any CPU
		{E5A70D5C-EE4F-40FA-BE23-5352D40C7B33}.Debug|Any CPU.Build.0 = Debug|Any CPU
		{E5A70D5C-EE4F-40FA-BE23-5352D40C7B33}.Debug|Mixed Platforms.ActiveCfg = Debug|Any CPU
		{E5A70D5C-EE4F-40FA-BE23-5352D40C7B33}.Debug|Mixed Platforms.Build.0 = Debug|Any CPU
		{E5A70D5C-EE4F-40FA-BE23-5352D40C7B33}.Debug|x86.ActiveCfg = Debug|Any CPU
		{E5A70D5C-EE4F-40FA-BE23-5352D40C7B33}.Release|Any CPU.ActiveCfg = Release|Any CPU
		{E5A70D5C-EE4F-40FA-BE23-5352D40C7B33}.Release|Any CPU.Build.0 = Release|Any CPU
		{E5A70D5C-EE4F-40FA-BE23-5352D40C7B33}.Release|Mixed Platforms.ActiveCfg = Release|Any CPU
		{E5A70D5C-EE4F-40FA-BE23-5352D40C7B33}.Release|Mixed Platforms.Build.0 = Release|Any CPU
		{E5A70D5C-EE4F-40FA-BE23-5352D40C7B33}.Release|x86.ActiveCfg = Release|Any CPU
		{D8C0CA71-B7FC-4699-97C2-4DEB72EEC485}.Debug|Any CPU.ActiveCfg = Debug|Any CPU
		{D8C0CA71-B7FC-4699-97C2-4DEB72EEC485}.Debug|Any CPU.Build.0 = Debug|Any CPU
		{D8C0CA71-B7FC-4699-97C2-4DEB72EEC485}.Debug|Mixed Platforms.ActiveCfg = Debug|Any CPU
		{D8C0CA71-B7FC-4699-97C2-4DEB72EEC485}.Debug|Mixed Platforms.Build.0 = Debug|Any CPU
		{D8C0CA71-B7FC-4699-97C2-4DEB72EEC485}.Debug|x86.ActiveCfg = Debug|Any CPU
		{D8C0CA71-B7FC-4699-97C2-4DEB72EEC485}.Release|Any CPU.ActiveCfg = Release|Any CPU
		{D8C0CA71-B7FC-4699-97C2-4DEB72EEC485}.Release|Any CPU.Build.0 = Release|Any CPU
		{D8C0CA71-B7FC-4699-97C2-4DEB72EEC485}.Release|Mixed Platforms.ActiveCfg = Release|Any CPU
		{D8C0CA71-B7FC-4699-97C2-4DEB72EEC485}.Release|Mixed Platforms.Build.0 = Release|Any CPU
		{D8C0CA71-B7FC-4699-97C2-4DEB72EEC485}.Release|x86.ActiveCfg = Release|Any CPU
		{CF078F90-70FB-49BB-842F-D5B78D415108}.Debug|Any CPU.ActiveCfg = Debug|Any CPU
		{CF078F90-70FB-49BB-842F-D5B78D415108}.Debug|Any CPU.Build.0 = Debug|Any CPU
		{CF078F90-70FB-49BB-842F-D5B78D415108}.Debug|Mixed Platforms.ActiveCfg = Debug|Any CPU
		{CF078F90-70FB-49BB-842F-D5B78D415108}.Debug|Mixed Platforms.Build.0 = Debug|Any CPU
		{CF078F90-70FB-49BB-842F-D5B78D415108}.Debug|x86.ActiveCfg = Debug|Any CPU
		{CF078F90-70FB-49BB-842F-D5B78D415108}.Release|Any CPU.ActiveCfg = Release|Any CPU
		{CF078F90-70FB-49BB-842F-D5B78D415108}.Release|Any CPU.Build.0 = Release|Any CPU
		{CF078F90-70FB-49BB-842F-D5B78D415108}.Release|Mixed Platforms.ActiveCfg = Release|Any CPU
		{CF078F90-70FB-49BB-842F-D5B78D415108}.Release|Mixed Platforms.Build.0 = Release|Any CPU
		{CF078F90-70FB-49BB-842F-D5B78D415108}.Release|x86.ActiveCfg = Release|Any CPU
		{EC138571-28DF-4944-8EF2-D31FB186A645}.Debug|Any CPU.ActiveCfg = Debug|Any CPU
		{EC138571-28DF-4944-8EF2-D31FB186A645}.Debug|Any CPU.Build.0 = Debug|Any CPU
		{EC138571-28DF-4944-8EF2-D31FB186A645}.Debug|Mixed Platforms.ActiveCfg = Debug|Any CPU
		{EC138571-28DF-4944-8EF2-D31FB186A645}.Debug|Mixed Platforms.Build.0 = Debug|Any CPU
		{EC138571-28DF-4944-8EF2-D31FB186A645}.Debug|x86.ActiveCfg = Debug|Any CPU
		{EC138571-28DF-4944-8EF2-D31FB186A645}.Release|Any CPU.ActiveCfg = Release|Any CPU
		{EC138571-28DF-4944-8EF2-D31FB186A645}.Release|Any CPU.Build.0 = Release|Any CPU
		{EC138571-28DF-4944-8EF2-D31FB186A645}.Release|Mixed Platforms.ActiveCfg = Release|Any CPU
		{EC138571-28DF-4944-8EF2-D31FB186A645}.Release|Mixed Platforms.Build.0 = Release|Any CPU
		{EC138571-28DF-4944-8EF2-D31FB186A645}.Release|x86.ActiveCfg = Release|Any CPU
		{5693E87D-AE36-41AD-A6CC-232062ECD865}.Debug|Any CPU.ActiveCfg = Debug|Any CPU
		{5693E87D-AE36-41AD-A6CC-232062ECD865}.Debug|Any CPU.Build.0 = Debug|Any CPU
		{5693E87D-AE36-41AD-A6CC-232062ECD865}.Debug|Mixed Platforms.ActiveCfg = Debug|Any CPU
		{5693E87D-AE36-41AD-A6CC-232062ECD865}.Debug|Mixed Platforms.Build.0 = Debug|Any CPU
		{5693E87D-AE36-41AD-A6CC-232062ECD865}.Debug|x86.ActiveCfg = Debug|Any CPU
		{5693E87D-AE36-41AD-A6CC-232062ECD865}.Release|Any CPU.ActiveCfg = Release|Any CPU
		{5693E87D-AE36-41AD-A6CC-232062ECD865}.Release|Any CPU.Build.0 = Release|Any CPU
		{5693E87D-AE36-41AD-A6CC-232062ECD865}.Release|Mixed Platforms.ActiveCfg = Release|Any CPU
		{5693E87D-AE36-41AD-A6CC-232062ECD865}.Release|Mixed Platforms.Build.0 = Release|Any CPU
		{5693E87D-AE36-41AD-A6CC-232062ECD865}.Release|x86.ActiveCfg = Release|Any CPU
		{336798D1-D839-4256-B93B-B738B5BF4B3B}.Debug|Any CPU.ActiveCfg = Debug|Any CPU
		{336798D1-D839-4256-B93B-B738B5BF4B3B}.Debug|Any CPU.Build.0 = Debug|Any CPU
		{336798D1-D839-4256-B93B-B738B5BF4B3B}.Debug|Mixed Platforms.ActiveCfg = Debug|Any CPU
		{336798D1-D839-4256-B93B-B738B5BF4B3B}.Debug|Mixed Platforms.Build.0 = Debug|Any CPU
		{336798D1-D839-4256-B93B-B738B5BF4B3B}.Debug|x86.ActiveCfg = Debug|Any CPU
		{336798D1-D839-4256-B93B-B738B5BF4B3B}.Release|Any CPU.ActiveCfg = Release|Any CPU
		{336798D1-D839-4256-B93B-B738B5BF4B3B}.Release|Any CPU.Build.0 = Release|Any CPU
		{336798D1-D839-4256-B93B-B738B5BF4B3B}.Release|Mixed Platforms.ActiveCfg = Release|Any CPU
		{336798D1-D839-4256-B93B-B738B5BF4B3B}.Release|Mixed Platforms.Build.0 = Release|Any CPU
		{336798D1-D839-4256-B93B-B738B5BF4B3B}.Release|x86.ActiveCfg = Release|Any CPU
		{5C497020-6155-40CD-9C97-3C273718FE2E}.Debug|Any CPU.ActiveCfg = Debug|Any CPU
		{5C497020-6155-40CD-9C97-3C273718FE2E}.Debug|Any CPU.Build.0 = Debug|Any CPU
		{5C497020-6155-40CD-9C97-3C273718FE2E}.Debug|Mixed Platforms.ActiveCfg = Debug|Any CPU
		{5C497020-6155-40CD-9C97-3C273718FE2E}.Debug|Mixed Platforms.Build.0 = Debug|Any CPU
		{5C497020-6155-40CD-9C97-3C273718FE2E}.Debug|x86.ActiveCfg = Debug|Any CPU
		{5C497020-6155-40CD-9C97-3C273718FE2E}.Release|Any CPU.ActiveCfg = Release|Any CPU
		{5C497020-6155-40CD-9C97-3C273718FE2E}.Release|Any CPU.Build.0 = Release|Any CPU
		{5C497020-6155-40CD-9C97-3C273718FE2E}.Release|Mixed Platforms.ActiveCfg = Release|Any CPU
		{5C497020-6155-40CD-9C97-3C273718FE2E}.Release|Mixed Platforms.Build.0 = Release|Any CPU
		{5C497020-6155-40CD-9C97-3C273718FE2E}.Release|x86.ActiveCfg = Release|Any CPU
		{FD72AC81-65E4-46CE-AD09-EFDABC84F384}.Debug|Any CPU.ActiveCfg = Debug|Any CPU
		{FD72AC81-65E4-46CE-AD09-EFDABC84F384}.Debug|Any CPU.Build.0 = Debug|Any CPU
		{FD72AC81-65E4-46CE-AD09-EFDABC84F384}.Debug|Mixed Platforms.ActiveCfg = Debug|Any CPU
		{FD72AC81-65E4-46CE-AD09-EFDABC84F384}.Debug|Mixed Platforms.Build.0 = Debug|Any CPU
		{FD72AC81-65E4-46CE-AD09-EFDABC84F384}.Debug|x86.ActiveCfg = Debug|Any CPU
		{FD72AC81-65E4-46CE-AD09-EFDABC84F384}.Release|Any CPU.ActiveCfg = Release|Any CPU
		{FD72AC81-65E4-46CE-AD09-EFDABC84F384}.Release|Any CPU.Build.0 = Release|Any CPU
		{FD72AC81-65E4-46CE-AD09-EFDABC84F384}.Release|Mixed Platforms.ActiveCfg = Release|Any CPU
		{FD72AC81-65E4-46CE-AD09-EFDABC84F384}.Release|Mixed Platforms.Build.0 = Release|Any CPU
		{FD72AC81-65E4-46CE-AD09-EFDABC84F384}.Release|x86.ActiveCfg = Release|Any CPU
		{575A599C-165F-47F1-9193-A23E884C96DD}.Debug|Any CPU.ActiveCfg = Debug|Any CPU
		{575A599C-165F-47F1-9193-A23E884C96DD}.Debug|Any CPU.Build.0 = Debug|Any CPU
		{575A599C-165F-47F1-9193-A23E884C96DD}.Debug|Mixed Platforms.ActiveCfg = Debug|Any CPU
		{575A599C-165F-47F1-9193-A23E884C96DD}.Debug|Mixed Platforms.Build.0 = Debug|Any CPU
		{575A599C-165F-47F1-9193-A23E884C96DD}.Debug|x86.ActiveCfg = Debug|Any CPU
		{575A599C-165F-47F1-9193-A23E884C96DD}.Release|Any CPU.ActiveCfg = Release|Any CPU
		{575A599C-165F-47F1-9193-A23E884C96DD}.Release|Any CPU.Build.0 = Release|Any CPU
		{575A599C-165F-47F1-9193-A23E884C96DD}.Release|Mixed Platforms.ActiveCfg = Release|Any CPU
		{575A599C-165F-47F1-9193-A23E884C96DD}.Release|Mixed Platforms.Build.0 = Release|Any CPU
		{575A599C-165F-47F1-9193-A23E884C96DD}.Release|x86.ActiveCfg = Release|Any CPU
		{4D2C52A0-79EF-420B-88FC-8AE664E65905}.Debug|Any CPU.ActiveCfg = Debug|Any CPU
		{4D2C52A0-79EF-420B-88FC-8AE664E65905}.Debug|Any CPU.Build.0 = Debug|Any CPU
		{4D2C52A0-79EF-420B-88FC-8AE664E65905}.Debug|Mixed Platforms.ActiveCfg = Debug|Any CPU
		{4D2C52A0-79EF-420B-88FC-8AE664E65905}.Debug|Mixed Platforms.Build.0 = Debug|Any CPU
		{4D2C52A0-79EF-420B-88FC-8AE664E65905}.Debug|x86.ActiveCfg = Debug|Any CPU
		{4D2C52A0-79EF-420B-88FC-8AE664E65905}.Release|Any CPU.ActiveCfg = Release|Any CPU
		{4D2C52A0-79EF-420B-88FC-8AE664E65905}.Release|Any CPU.Build.0 = Release|Any CPU
		{4D2C52A0-79EF-420B-88FC-8AE664E65905}.Release|Mixed Platforms.ActiveCfg = Release|Any CPU
		{4D2C52A0-79EF-420B-88FC-8AE664E65905}.Release|Mixed Platforms.Build.0 = Release|Any CPU
		{4D2C52A0-79EF-420B-88FC-8AE664E65905}.Release|x86.ActiveCfg = Release|Any CPU
		{7D6F4F78-FC61-470B-BA5A-3D806723BBD7}.Debug|Any CPU.ActiveCfg = Debug|Any CPU
		{7D6F4F78-FC61-470B-BA5A-3D806723BBD7}.Debug|Any CPU.Build.0 = Debug|Any CPU
		{7D6F4F78-FC61-470B-BA5A-3D806723BBD7}.Debug|Mixed Platforms.ActiveCfg = Debug|Any CPU
		{7D6F4F78-FC61-470B-BA5A-3D806723BBD7}.Debug|Mixed Platforms.Build.0 = Debug|Any CPU
		{7D6F4F78-FC61-470B-BA5A-3D806723BBD7}.Debug|x86.ActiveCfg = Debug|Any CPU
		{7D6F4F78-FC61-470B-BA5A-3D806723BBD7}.Release|Any CPU.ActiveCfg = Release|Any CPU
		{7D6F4F78-FC61-470B-BA5A-3D806723BBD7}.Release|Any CPU.Build.0 = Release|Any CPU
		{7D6F4F78-FC61-470B-BA5A-3D806723BBD7}.Release|Mixed Platforms.ActiveCfg = Release|Any CPU
		{7D6F4F78-FC61-470B-BA5A-3D806723BBD7}.Release|Mixed Platforms.Build.0 = Release|Any CPU
		{7D6F4F78-FC61-470B-BA5A-3D806723BBD7}.Release|x86.ActiveCfg = Release|Any CPU
		{D952E360-12C3-4AC0-8B30-DD0E0E91932E}.Debug|Any CPU.ActiveCfg = Debug|Any CPU
		{D952E360-12C3-4AC0-8B30-DD0E0E91932E}.Debug|Any CPU.Build.0 = Debug|Any CPU
		{D952E360-12C3-4AC0-8B30-DD0E0E91932E}.Debug|Mixed Platforms.ActiveCfg = Debug|Any CPU
		{D952E360-12C3-4AC0-8B30-DD0E0E91932E}.Debug|Mixed Platforms.Build.0 = Debug|Any CPU
		{D952E360-12C3-4AC0-8B30-DD0E0E91932E}.Debug|x86.ActiveCfg = Debug|Any CPU
		{D952E360-12C3-4AC0-8B30-DD0E0E91932E}.Release|Any CPU.ActiveCfg = Release|Any CPU
		{D952E360-12C3-4AC0-8B30-DD0E0E91932E}.Release|Any CPU.Build.0 = Release|Any CPU
		{D952E360-12C3-4AC0-8B30-DD0E0E91932E}.Release|Mixed Platforms.ActiveCfg = Release|Any CPU
		{D952E360-12C3-4AC0-8B30-DD0E0E91932E}.Release|Mixed Platforms.Build.0 = Release|Any CPU
		{D952E360-12C3-4AC0-8B30-DD0E0E91932E}.Release|x86.ActiveCfg = Release|Any CPU
		{02859B45-2305-4FD2-B504-245DE8E8595D}.Debug|Any CPU.ActiveCfg = Debug|Any CPU
		{02859B45-2305-4FD2-B504-245DE8E8595D}.Debug|Any CPU.Build.0 = Debug|Any CPU
		{02859B45-2305-4FD2-B504-245DE8E8595D}.Debug|Mixed Platforms.ActiveCfg = Debug|Any CPU
		{02859B45-2305-4FD2-B504-245DE8E8595D}.Debug|Mixed Platforms.Build.0 = Debug|Any CPU
		{02859B45-2305-4FD2-B504-245DE8E8595D}.Debug|x86.ActiveCfg = Debug|Any CPU
		{02859B45-2305-4FD2-B504-245DE8E8595D}.Release|Any CPU.ActiveCfg = Release|Any CPU
		{02859B45-2305-4FD2-B504-245DE8E8595D}.Release|Any CPU.Build.0 = Release|Any CPU
		{02859B45-2305-4FD2-B504-245DE8E8595D}.Release|Mixed Platforms.ActiveCfg = Release|Any CPU
		{02859B45-2305-4FD2-B504-245DE8E8595D}.Release|Mixed Platforms.Build.0 = Release|Any CPU
		{02859B45-2305-4FD2-B504-245DE8E8595D}.Release|x86.ActiveCfg = Release|Any CPU
		{16C4EE4E-7165-4280-99E6-A6C4E4058471}.Debug|Any CPU.ActiveCfg = Debug|Any CPU
		{16C4EE4E-7165-4280-99E6-A6C4E4058471}.Debug|Any CPU.Build.0 = Debug|Any CPU
		{16C4EE4E-7165-4280-99E6-A6C4E4058471}.Debug|Mixed Platforms.ActiveCfg = Debug|Any CPU
		{16C4EE4E-7165-4280-99E6-A6C4E4058471}.Debug|Mixed Platforms.Build.0 = Debug|Any CPU
		{16C4EE4E-7165-4280-99E6-A6C4E4058471}.Debug|x86.ActiveCfg = Debug|Any CPU
		{16C4EE4E-7165-4280-99E6-A6C4E4058471}.Release|Any CPU.ActiveCfg = Release|Any CPU
		{16C4EE4E-7165-4280-99E6-A6C4E4058471}.Release|Any CPU.Build.0 = Release|Any CPU
		{16C4EE4E-7165-4280-99E6-A6C4E4058471}.Release|Mixed Platforms.ActiveCfg = Release|Any CPU
		{16C4EE4E-7165-4280-99E6-A6C4E4058471}.Release|Mixed Platforms.Build.0 = Release|Any CPU
		{16C4EE4E-7165-4280-99E6-A6C4E4058471}.Release|x86.ActiveCfg = Release|Any CPU
		{C6A308BC-A9E0-434F-BD96-B6DD82DE50C7}.Debug|Any CPU.ActiveCfg = Debug|Any CPU
		{C6A308BC-A9E0-434F-BD96-B6DD82DE50C7}.Debug|Any CPU.Build.0 = Debug|Any CPU
		{C6A308BC-A9E0-434F-BD96-B6DD82DE50C7}.Debug|Mixed Platforms.ActiveCfg = Debug|Any CPU
		{C6A308BC-A9E0-434F-BD96-B6DD82DE50C7}.Debug|Mixed Platforms.Build.0 = Debug|Any CPU
		{C6A308BC-A9E0-434F-BD96-B6DD82DE50C7}.Debug|x86.ActiveCfg = Debug|Any CPU
		{C6A308BC-A9E0-434F-BD96-B6DD82DE50C7}.Release|Any CPU.ActiveCfg = Release|Any CPU
		{C6A308BC-A9E0-434F-BD96-B6DD82DE50C7}.Release|Any CPU.Build.0 = Release|Any CPU
		{C6A308BC-A9E0-434F-BD96-B6DD82DE50C7}.Release|Mixed Platforms.ActiveCfg = Release|Any CPU
		{C6A308BC-A9E0-434F-BD96-B6DD82DE50C7}.Release|Mixed Platforms.Build.0 = Release|Any CPU
		{C6A308BC-A9E0-434F-BD96-B6DD82DE50C7}.Release|x86.ActiveCfg = Release|Any CPU
		{3DEF4EB6-067C-40D7-9FB2-A274CE38DFF4}.Debug|Any CPU.ActiveCfg = Debug|x86
		{3DEF4EB6-067C-40D7-9FB2-A274CE38DFF4}.Debug|Mixed Platforms.ActiveCfg = Debug|x86
		{3DEF4EB6-067C-40D7-9FB2-A274CE38DFF4}.Debug|Mixed Platforms.Build.0 = Debug|x86
		{3DEF4EB6-067C-40D7-9FB2-A274CE38DFF4}.Debug|x86.ActiveCfg = Debug|x86
		{3DEF4EB6-067C-40D7-9FB2-A274CE38DFF4}.Debug|x86.Build.0 = Debug|x86
		{3DEF4EB6-067C-40D7-9FB2-A274CE38DFF4}.Release|Any CPU.ActiveCfg = Release|x86
		{3DEF4EB6-067C-40D7-9FB2-A274CE38DFF4}.Release|Mixed Platforms.ActiveCfg = Release|x86
		{3DEF4EB6-067C-40D7-9FB2-A274CE38DFF4}.Release|Mixed Platforms.Build.0 = Release|x86
		{3DEF4EB6-067C-40D7-9FB2-A274CE38DFF4}.Release|x86.ActiveCfg = Release|x86
		{3DEF4EB6-067C-40D7-9FB2-A274CE38DFF4}.Release|x86.Build.0 = Release|x86
		{AE8460D7-0819-4F8C-8578-9324859C6B96}.Debug|Any CPU.ActiveCfg = Debug|Any CPU
		{AE8460D7-0819-4F8C-8578-9324859C6B96}.Debug|Any CPU.Build.0 = Debug|Any CPU
		{AE8460D7-0819-4F8C-8578-9324859C6B96}.Debug|Mixed Platforms.ActiveCfg = Debug|Any CPU
		{AE8460D7-0819-4F8C-8578-9324859C6B96}.Debug|Mixed Platforms.Build.0 = Debug|Any CPU
		{AE8460D7-0819-4F8C-8578-9324859C6B96}.Debug|x86.ActiveCfg = Debug|Any CPU
		{AE8460D7-0819-4F8C-8578-9324859C6B96}.Release|Any CPU.ActiveCfg = Release|Any CPU
		{AE8460D7-0819-4F8C-8578-9324859C6B96}.Release|Any CPU.Build.0 = Release|Any CPU
		{AE8460D7-0819-4F8C-8578-9324859C6B96}.Release|Mixed Platforms.ActiveCfg = Release|Any CPU
		{AE8460D7-0819-4F8C-8578-9324859C6B96}.Release|Mixed Platforms.Build.0 = Release|Any CPU
		{AE8460D7-0819-4F8C-8578-9324859C6B96}.Release|x86.ActiveCfg = Release|Any CPU
		{2C44A82D-C27F-4B46-8700-DF4C130E9176}.Debug|Any CPU.ActiveCfg = Debug|Any CPU
		{2C44A82D-C27F-4B46-8700-DF4C130E9176}.Debug|Any CPU.Build.0 = Debug|Any CPU
		{2C44A82D-C27F-4B46-8700-DF4C130E9176}.Debug|Mixed Platforms.ActiveCfg = Debug|Any CPU
		{2C44A82D-C27F-4B46-8700-DF4C130E9176}.Debug|Mixed Platforms.Build.0 = Debug|Any CPU
		{2C44A82D-C27F-4B46-8700-DF4C130E9176}.Debug|x86.ActiveCfg = Debug|Any CPU
		{2C44A82D-C27F-4B46-8700-DF4C130E9176}.Release|Any CPU.ActiveCfg = Release|Any CPU
		{2C44A82D-C27F-4B46-8700-DF4C130E9176}.Release|Any CPU.Build.0 = Release|Any CPU
		{2C44A82D-C27F-4B46-8700-DF4C130E9176}.Release|Mixed Platforms.ActiveCfg = Release|Any CPU
		{2C44A82D-C27F-4B46-8700-DF4C130E9176}.Release|Mixed Platforms.Build.0 = Release|Any CPU
		{2C44A82D-C27F-4B46-8700-DF4C130E9176}.Release|x86.ActiveCfg = Release|Any CPU
		{19A96089-734E-47F9-983C-298DD17A4517}.Debug|Any CPU.ActiveCfg = Debug|Any CPU
		{19A96089-734E-47F9-983C-298DD17A4517}.Debug|Any CPU.Build.0 = Debug|Any CPU
		{19A96089-734E-47F9-983C-298DD17A4517}.Debug|Mixed Platforms.ActiveCfg = Debug|Any CPU
		{19A96089-734E-47F9-983C-298DD17A4517}.Debug|Mixed Platforms.Build.0 = Debug|Any CPU
		{19A96089-734E-47F9-983C-298DD17A4517}.Debug|x86.ActiveCfg = Debug|Any CPU
		{19A96089-734E-47F9-983C-298DD17A4517}.Release|Any CPU.ActiveCfg = Release|Any CPU
		{19A96089-734E-47F9-983C-298DD17A4517}.Release|Any CPU.Build.0 = Release|Any CPU
		{19A96089-734E-47F9-983C-298DD17A4517}.Release|Mixed Platforms.ActiveCfg = Release|Any CPU
		{19A96089-734E-47F9-983C-298DD17A4517}.Release|Mixed Platforms.Build.0 = Release|Any CPU
		{19A96089-734E-47F9-983C-298DD17A4517}.Release|x86.ActiveCfg = Release|Any CPU
		{AABFCB0F-80E5-494A-90F9-5009CBB19121}.Debug|Any CPU.ActiveCfg = Debug|Any CPU
		{AABFCB0F-80E5-494A-90F9-5009CBB19121}.Debug|Any CPU.Build.0 = Debug|Any CPU
		{AABFCB0F-80E5-494A-90F9-5009CBB19121}.Debug|Mixed Platforms.ActiveCfg = Debug|Any CPU
		{AABFCB0F-80E5-494A-90F9-5009CBB19121}.Debug|Mixed Platforms.Build.0 = Debug|Any CPU
		{AABFCB0F-80E5-494A-90F9-5009CBB19121}.Debug|x86.ActiveCfg = Debug|Any CPU
		{AABFCB0F-80E5-494A-90F9-5009CBB19121}.Release|Any CPU.ActiveCfg = Release|Any CPU
		{AABFCB0F-80E5-494A-90F9-5009CBB19121}.Release|Any CPU.Build.0 = Release|Any CPU
		{AABFCB0F-80E5-494A-90F9-5009CBB19121}.Release|Mixed Platforms.ActiveCfg = Release|Any CPU
		{AABFCB0F-80E5-494A-90F9-5009CBB19121}.Release|Mixed Platforms.Build.0 = Release|Any CPU
		{AABFCB0F-80E5-494A-90F9-5009CBB19121}.Release|x86.ActiveCfg = Release|Any CPU
		{7EACD11D-7441-41AA-B96B-D65B49314469}.Debug|Any CPU.ActiveCfg = Debug|Any CPU
		{7EACD11D-7441-41AA-B96B-D65B49314469}.Debug|Any CPU.Build.0 = Debug|Any CPU
		{7EACD11D-7441-41AA-B96B-D65B49314469}.Debug|Mixed Platforms.ActiveCfg = Debug|Any CPU
		{7EACD11D-7441-41AA-B96B-D65B49314469}.Debug|Mixed Platforms.Build.0 = Debug|Any CPU
		{7EACD11D-7441-41AA-B96B-D65B49314469}.Debug|x86.ActiveCfg = Debug|Any CPU
		{7EACD11D-7441-41AA-B96B-D65B49314469}.Release|Any CPU.ActiveCfg = Release|Any CPU
		{7EACD11D-7441-41AA-B96B-D65B49314469}.Release|Any CPU.Build.0 = Release|Any CPU
		{7EACD11D-7441-41AA-B96B-D65B49314469}.Release|Mixed Platforms.ActiveCfg = Release|Any CPU
		{7EACD11D-7441-41AA-B96B-D65B49314469}.Release|Mixed Platforms.Build.0 = Release|Any CPU
		{7EACD11D-7441-41AA-B96B-D65B49314469}.Release|x86.ActiveCfg = Release|Any CPU
		{A57F807F-8214-4BD4-A3E3-8EBA065D4D37}.Debug|Any CPU.ActiveCfg = Debug|Any CPU
		{A57F807F-8214-4BD4-A3E3-8EBA065D4D37}.Debug|Any CPU.Build.0 = Debug|Any CPU
		{A57F807F-8214-4BD4-A3E3-8EBA065D4D37}.Debug|Mixed Platforms.ActiveCfg = Debug|Any CPU
		{A57F807F-8214-4BD4-A3E3-8EBA065D4D37}.Debug|Mixed Platforms.Build.0 = Debug|Any CPU
		{A57F807F-8214-4BD4-A3E3-8EBA065D4D37}.Debug|x86.ActiveCfg = Debug|Any CPU
		{A57F807F-8214-4BD4-A3E3-8EBA065D4D37}.Release|Any CPU.ActiveCfg = Release|Any CPU
		{A57F807F-8214-4BD4-A3E3-8EBA065D4D37}.Release|Any CPU.Build.0 = Release|Any CPU
		{A57F807F-8214-4BD4-A3E3-8EBA065D4D37}.Release|Mixed Platforms.ActiveCfg = Release|Any CPU
		{A57F807F-8214-4BD4-A3E3-8EBA065D4D37}.Release|Mixed Platforms.Build.0 = Release|Any CPU
		{A57F807F-8214-4BD4-A3E3-8EBA065D4D37}.Release|x86.ActiveCfg = Release|Any CPU
		{5F63DBA2-BDA5-4CEC-937E-71438F68060D}.Debug|Any CPU.ActiveCfg = Debug|Any CPU
		{5F63DBA2-BDA5-4CEC-937E-71438F68060D}.Debug|Any CPU.Build.0 = Debug|Any CPU
		{5F63DBA2-BDA5-4CEC-937E-71438F68060D}.Debug|Mixed Platforms.ActiveCfg = Debug|Any CPU
		{5F63DBA2-BDA5-4CEC-937E-71438F68060D}.Debug|Mixed Platforms.Build.0 = Debug|Any CPU
		{5F63DBA2-BDA5-4CEC-937E-71438F68060D}.Debug|x86.ActiveCfg = Debug|Any CPU
		{5F63DBA2-BDA5-4CEC-937E-71438F68060D}.Release|Any CPU.ActiveCfg = Release|Any CPU
		{5F63DBA2-BDA5-4CEC-937E-71438F68060D}.Release|Any CPU.Build.0 = Release|Any CPU
		{5F63DBA2-BDA5-4CEC-937E-71438F68060D}.Release|Mixed Platforms.ActiveCfg = Release|Any CPU
		{5F63DBA2-BDA5-4CEC-937E-71438F68060D}.Release|Mixed Platforms.Build.0 = Release|Any CPU
		{5F63DBA2-BDA5-4CEC-937E-71438F68060D}.Release|x86.ActiveCfg = Release|Any CPU
		{26C671A2-5AFB-4B90-8DEA-1F90B1917CEA}.Debug|Any CPU.ActiveCfg = Debug|Any CPU
		{26C671A2-5AFB-4B90-8DEA-1F90B1917CEA}.Debug|Any CPU.Build.0 = Debug|Any CPU
		{26C671A2-5AFB-4B90-8DEA-1F90B1917CEA}.Debug|Mixed Platforms.ActiveCfg = Debug|Any CPU
		{26C671A2-5AFB-4B90-8DEA-1F90B1917CEA}.Debug|Mixed Platforms.Build.0 = Debug|Any CPU
		{26C671A2-5AFB-4B90-8DEA-1F90B1917CEA}.Debug|x86.ActiveCfg = Debug|Any CPU
		{26C671A2-5AFB-4B90-8DEA-1F90B1917CEA}.Release|Any CPU.ActiveCfg = Release|Any CPU
		{26C671A2-5AFB-4B90-8DEA-1F90B1917CEA}.Release|Any CPU.Build.0 = Release|Any CPU
		{26C671A2-5AFB-4B90-8DEA-1F90B1917CEA}.Release|Mixed Platforms.ActiveCfg = Release|Any CPU
		{26C671A2-5AFB-4B90-8DEA-1F90B1917CEA}.Release|Mixed Platforms.Build.0 = Release|Any CPU
		{26C671A2-5AFB-4B90-8DEA-1F90B1917CEA}.Release|x86.ActiveCfg = Release|Any CPU
		{E4F776CD-3B86-4BF8-9A2F-5FD100071044}.Debug|Any CPU.ActiveCfg = Debug|Any CPU
		{E4F776CD-3B86-4BF8-9A2F-5FD100071044}.Debug|Any CPU.Build.0 = Debug|Any CPU
		{E4F776CD-3B86-4BF8-9A2F-5FD100071044}.Debug|Mixed Platforms.ActiveCfg = Debug|Any CPU
		{E4F776CD-3B86-4BF8-9A2F-5FD100071044}.Debug|Mixed Platforms.Build.0 = Debug|Any CPU
		{E4F776CD-3B86-4BF8-9A2F-5FD100071044}.Debug|x86.ActiveCfg = Debug|Any CPU
		{E4F776CD-3B86-4BF8-9A2F-5FD100071044}.Release|Any CPU.ActiveCfg = Release|Any CPU
		{E4F776CD-3B86-4BF8-9A2F-5FD100071044}.Release|Any CPU.Build.0 = Release|Any CPU
		{E4F776CD-3B86-4BF8-9A2F-5FD100071044}.Release|Mixed Platforms.ActiveCfg = Release|Any CPU
		{E4F776CD-3B86-4BF8-9A2F-5FD100071044}.Release|Mixed Platforms.Build.0 = Release|Any CPU
		{E4F776CD-3B86-4BF8-9A2F-5FD100071044}.Release|x86.ActiveCfg = Release|Any CPU
		{77313FCA-26D7-47C8-8A99-9D3DAE56A937}.Debug|Any CPU.ActiveCfg = Debug|Any CPU
		{77313FCA-26D7-47C8-8A99-9D3DAE56A937}.Debug|Any CPU.Build.0 = Debug|Any CPU
		{77313FCA-26D7-47C8-8A99-9D3DAE56A937}.Debug|Mixed Platforms.ActiveCfg = Debug|Any CPU
		{77313FCA-26D7-47C8-8A99-9D3DAE56A937}.Debug|Mixed Platforms.Build.0 = Debug|Any CPU
		{77313FCA-26D7-47C8-8A99-9D3DAE56A937}.Debug|x86.ActiveCfg = Debug|Any CPU
		{77313FCA-26D7-47C8-8A99-9D3DAE56A937}.Release|Any CPU.ActiveCfg = Release|Any CPU
		{77313FCA-26D7-47C8-8A99-9D3DAE56A937}.Release|Any CPU.Build.0 = Release|Any CPU
		{77313FCA-26D7-47C8-8A99-9D3DAE56A937}.Release|Mixed Platforms.ActiveCfg = Release|Any CPU
		{77313FCA-26D7-47C8-8A99-9D3DAE56A937}.Release|Mixed Platforms.Build.0 = Release|Any CPU
		{77313FCA-26D7-47C8-8A99-9D3DAE56A937}.Release|x86.ActiveCfg = Release|Any CPU
		{C5578625-B948-4A25-9712-ACE10E075C82}.Debug|Any CPU.ActiveCfg = Debug|Any CPU
		{C5578625-B948-4A25-9712-ACE10E075C82}.Debug|Any CPU.Build.0 = Debug|Any CPU
		{C5578625-B948-4A25-9712-ACE10E075C82}.Debug|Mixed Platforms.ActiveCfg = Debug|Any CPU
		{C5578625-B948-4A25-9712-ACE10E075C82}.Debug|Mixed Platforms.Build.0 = Debug|Any CPU
		{C5578625-B948-4A25-9712-ACE10E075C82}.Debug|x86.ActiveCfg = Debug|Any CPU
		{C5578625-B948-4A25-9712-ACE10E075C82}.Release|Any CPU.ActiveCfg = Release|Any CPU
		{C5578625-B948-4A25-9712-ACE10E075C82}.Release|Any CPU.Build.0 = Release|Any CPU
		{C5578625-B948-4A25-9712-ACE10E075C82}.Release|Mixed Platforms.ActiveCfg = Release|Any CPU
		{C5578625-B948-4A25-9712-ACE10E075C82}.Release|Mixed Platforms.Build.0 = Release|Any CPU
		{C5578625-B948-4A25-9712-ACE10E075C82}.Release|x86.ActiveCfg = Release|Any CPU
		{E7A4E157-0CFB-4F55-A6DC-631134D89096}.Debug|Any CPU.ActiveCfg = Debug|Any CPU
		{E7A4E157-0CFB-4F55-A6DC-631134D89096}.Debug|Any CPU.Build.0 = Debug|Any CPU
		{E7A4E157-0CFB-4F55-A6DC-631134D89096}.Debug|Mixed Platforms.ActiveCfg = Debug|Any CPU
		{E7A4E157-0CFB-4F55-A6DC-631134D89096}.Debug|Mixed Platforms.Build.0 = Debug|Any CPU
		{E7A4E157-0CFB-4F55-A6DC-631134D89096}.Debug|x86.ActiveCfg = Debug|Any CPU
		{E7A4E157-0CFB-4F55-A6DC-631134D89096}.Release|Any CPU.ActiveCfg = Release|Any CPU
		{E7A4E157-0CFB-4F55-A6DC-631134D89096}.Release|Any CPU.Build.0 = Release|Any CPU
		{E7A4E157-0CFB-4F55-A6DC-631134D89096}.Release|Mixed Platforms.ActiveCfg = Release|Any CPU
		{E7A4E157-0CFB-4F55-A6DC-631134D89096}.Release|Mixed Platforms.Build.0 = Release|Any CPU
		{E7A4E157-0CFB-4F55-A6DC-631134D89096}.Release|x86.ActiveCfg = Release|Any CPU
		{0E9CB1B1-CB78-4B7E-A404-8F223665B4E3}.Debug|Any CPU.ActiveCfg = Debug|Any CPU
		{0E9CB1B1-CB78-4B7E-A404-8F223665B4E3}.Debug|Any CPU.Build.0 = Debug|Any CPU
		{0E9CB1B1-CB78-4B7E-A404-8F223665B4E3}.Debug|Mixed Platforms.ActiveCfg = Debug|Any CPU
		{0E9CB1B1-CB78-4B7E-A404-8F223665B4E3}.Debug|Mixed Platforms.Build.0 = Debug|Any CPU
		{0E9CB1B1-CB78-4B7E-A404-8F223665B4E3}.Debug|x86.ActiveCfg = Debug|Any CPU
		{0E9CB1B1-CB78-4B7E-A404-8F223665B4E3}.Release|Any CPU.ActiveCfg = Release|Any CPU
		{0E9CB1B1-CB78-4B7E-A404-8F223665B4E3}.Release|Any CPU.Build.0 = Release|Any CPU
		{0E9CB1B1-CB78-4B7E-A404-8F223665B4E3}.Release|Mixed Platforms.ActiveCfg = Release|Any CPU
		{0E9CB1B1-CB78-4B7E-A404-8F223665B4E3}.Release|Mixed Platforms.Build.0 = Release|Any CPU
		{0E9CB1B1-CB78-4B7E-A404-8F223665B4E3}.Release|x86.ActiveCfg = Release|Any CPU
		{BB63BA7E-FC39-456A-B8D6-2751DEAF9259}.Debug|Any CPU.ActiveCfg = Debug|Any CPU
		{BB63BA7E-FC39-456A-B8D6-2751DEAF9259}.Debug|Any CPU.Build.0 = Debug|Any CPU
		{BB63BA7E-FC39-456A-B8D6-2751DEAF9259}.Debug|Mixed Platforms.ActiveCfg = Debug|Any CPU
		{BB63BA7E-FC39-456A-B8D6-2751DEAF9259}.Debug|Mixed Platforms.Build.0 = Debug|Any CPU
		{BB63BA7E-FC39-456A-B8D6-2751DEAF9259}.Debug|x86.ActiveCfg = Debug|Any CPU
		{BB63BA7E-FC39-456A-B8D6-2751DEAF9259}.Release|Any CPU.ActiveCfg = Release|Any CPU
		{BB63BA7E-FC39-456A-B8D6-2751DEAF9259}.Release|Any CPU.Build.0 = Release|Any CPU
		{BB63BA7E-FC39-456A-B8D6-2751DEAF9259}.Release|Mixed Platforms.ActiveCfg = Release|Any CPU
		{BB63BA7E-FC39-456A-B8D6-2751DEAF9259}.Release|Mixed Platforms.Build.0 = Release|Any CPU
		{BB63BA7E-FC39-456A-B8D6-2751DEAF9259}.Release|x86.ActiveCfg = Release|Any CPU
		{063C818C-1317-4F15-A05F-23BA723C6181}.Debug|Any CPU.ActiveCfg = Debug|Any CPU
		{063C818C-1317-4F15-A05F-23BA723C6181}.Debug|Any CPU.Build.0 = Debug|Any CPU
		{063C818C-1317-4F15-A05F-23BA723C6181}.Debug|Mixed Platforms.ActiveCfg = Debug|Any CPU
		{063C818C-1317-4F15-A05F-23BA723C6181}.Debug|Mixed Platforms.Build.0 = Debug|Any CPU
		{063C818C-1317-4F15-A05F-23BA723C6181}.Debug|x86.ActiveCfg = Debug|Any CPU
		{063C818C-1317-4F15-A05F-23BA723C6181}.Release|Any CPU.ActiveCfg = Release|Any CPU
		{063C818C-1317-4F15-A05F-23BA723C6181}.Release|Any CPU.Build.0 = Release|Any CPU
		{063C818C-1317-4F15-A05F-23BA723C6181}.Release|Mixed Platforms.ActiveCfg = Release|Any CPU
		{063C818C-1317-4F15-A05F-23BA723C6181}.Release|Mixed Platforms.Build.0 = Release|Any CPU
		{063C818C-1317-4F15-A05F-23BA723C6181}.Release|x86.ActiveCfg = Release|Any CPU
		{A6BF22D5-1FDB-422F-B90D-11C6CB097E16}.Debug|Any CPU.ActiveCfg = Debug|Any CPU
		{A6BF22D5-1FDB-422F-B90D-11C6CB097E16}.Debug|Any CPU.Build.0 = Debug|Any CPU
		{A6BF22D5-1FDB-422F-B90D-11C6CB097E16}.Debug|Mixed Platforms.ActiveCfg = Debug|Any CPU
		{A6BF22D5-1FDB-422F-B90D-11C6CB097E16}.Debug|Mixed Platforms.Build.0 = Debug|Any CPU
		{A6BF22D5-1FDB-422F-B90D-11C6CB097E16}.Debug|x86.ActiveCfg = Debug|Any CPU
		{A6BF22D5-1FDB-422F-B90D-11C6CB097E16}.Release|Any CPU.ActiveCfg = Release|Any CPU
		{A6BF22D5-1FDB-422F-B90D-11C6CB097E16}.Release|Any CPU.Build.0 = Release|Any CPU
		{A6BF22D5-1FDB-422F-B90D-11C6CB097E16}.Release|Mixed Platforms.ActiveCfg = Release|Any CPU
		{A6BF22D5-1FDB-422F-B90D-11C6CB097E16}.Release|Mixed Platforms.Build.0 = Release|Any CPU
		{A6BF22D5-1FDB-422F-B90D-11C6CB097E16}.Release|x86.ActiveCfg = Release|Any CPU
		{44312772-42FB-4EDE-BF4D-A654C5B03469}.Debug|Any CPU.ActiveCfg = Debug|Any CPU
		{44312772-42FB-4EDE-BF4D-A654C5B03469}.Debug|Any CPU.Build.0 = Debug|Any CPU
		{44312772-42FB-4EDE-BF4D-A654C5B03469}.Debug|Mixed Platforms.ActiveCfg = Debug|Any CPU
		{44312772-42FB-4EDE-BF4D-A654C5B03469}.Debug|Mixed Platforms.Build.0 = Debug|Any CPU
		{44312772-42FB-4EDE-BF4D-A654C5B03469}.Debug|x86.ActiveCfg = Debug|Any CPU
		{44312772-42FB-4EDE-BF4D-A654C5B03469}.Release|Any CPU.ActiveCfg = Release|Any CPU
		{44312772-42FB-4EDE-BF4D-A654C5B03469}.Release|Any CPU.Build.0 = Release|Any CPU
		{44312772-42FB-4EDE-BF4D-A654C5B03469}.Release|Mixed Platforms.ActiveCfg = Release|Any CPU
		{44312772-42FB-4EDE-BF4D-A654C5B03469}.Release|Mixed Platforms.Build.0 = Release|Any CPU
		{44312772-42FB-4EDE-BF4D-A654C5B03469}.Release|x86.ActiveCfg = Release|Any CPU
		{8C57CA7C-3601-4DAF-8A90-6ED628E522F2}.Debug|Any CPU.ActiveCfg = Debug|Any CPU
		{8C57CA7C-3601-4DAF-8A90-6ED628E522F2}.Debug|Any CPU.Build.0 = Debug|Any CPU
		{8C57CA7C-3601-4DAF-8A90-6ED628E522F2}.Debug|Mixed Platforms.ActiveCfg = Debug|Any CPU
		{8C57CA7C-3601-4DAF-8A90-6ED628E522F2}.Debug|Mixed Platforms.Build.0 = Debug|Any CPU
		{8C57CA7C-3601-4DAF-8A90-6ED628E522F2}.Debug|x86.ActiveCfg = Debug|Any CPU
		{8C57CA7C-3601-4DAF-8A90-6ED628E522F2}.Release|Any CPU.ActiveCfg = Release|Any CPU
		{8C57CA7C-3601-4DAF-8A90-6ED628E522F2}.Release|Any CPU.Build.0 = Release|Any CPU
		{8C57CA7C-3601-4DAF-8A90-6ED628E522F2}.Release|Mixed Platforms.ActiveCfg = Release|Any CPU
		{8C57CA7C-3601-4DAF-8A90-6ED628E522F2}.Release|Mixed Platforms.Build.0 = Release|Any CPU
		{8C57CA7C-3601-4DAF-8A90-6ED628E522F2}.Release|x86.ActiveCfg = Release|Any CPU
		{702447E8-19E6-4441-8E55-3F43E5E48FE9}.Debug|Any CPU.ActiveCfg = Debug|Any CPU
		{702447E8-19E6-4441-8E55-3F43E5E48FE9}.Debug|Any CPU.Build.0 = Debug|Any CPU
		{702447E8-19E6-4441-8E55-3F43E5E48FE9}.Debug|Mixed Platforms.ActiveCfg = Debug|Any CPU
		{702447E8-19E6-4441-8E55-3F43E5E48FE9}.Debug|Mixed Platforms.Build.0 = Debug|Any CPU
		{702447E8-19E6-4441-8E55-3F43E5E48FE9}.Debug|x86.ActiveCfg = Debug|Any CPU
		{702447E8-19E6-4441-8E55-3F43E5E48FE9}.Release|Any CPU.ActiveCfg = Release|Any CPU
		{702447E8-19E6-4441-8E55-3F43E5E48FE9}.Release|Any CPU.Build.0 = Release|Any CPU
		{702447E8-19E6-4441-8E55-3F43E5E48FE9}.Release|Mixed Platforms.ActiveCfg = Release|Any CPU
		{702447E8-19E6-4441-8E55-3F43E5E48FE9}.Release|Mixed Platforms.Build.0 = Release|Any CPU
		{702447E8-19E6-4441-8E55-3F43E5E48FE9}.Release|x86.ActiveCfg = Release|Any CPU
		{7F3520B1-EE20-404E-941C-1284DC2C5F11}.Debug|Any CPU.ActiveCfg = Debug|Any CPU
		{7F3520B1-EE20-404E-941C-1284DC2C5F11}.Debug|Any CPU.Build.0 = Debug|Any CPU
		{7F3520B1-EE20-404E-941C-1284DC2C5F11}.Debug|Mixed Platforms.ActiveCfg = Debug|Any CPU
		{7F3520B1-EE20-404E-941C-1284DC2C5F11}.Debug|Mixed Platforms.Build.0 = Debug|Any CPU
		{7F3520B1-EE20-404E-941C-1284DC2C5F11}.Debug|x86.ActiveCfg = Debug|Any CPU
		{7F3520B1-EE20-404E-941C-1284DC2C5F11}.Release|Any CPU.ActiveCfg = Release|Any CPU
		{7F3520B1-EE20-404E-941C-1284DC2C5F11}.Release|Any CPU.Build.0 = Release|Any CPU
		{7F3520B1-EE20-404E-941C-1284DC2C5F11}.Release|Mixed Platforms.ActiveCfg = Release|Any CPU
		{7F3520B1-EE20-404E-941C-1284DC2C5F11}.Release|Mixed Platforms.Build.0 = Release|Any CPU
		{7F3520B1-EE20-404E-941C-1284DC2C5F11}.Release|x86.ActiveCfg = Release|Any CPU
		{CBA7AD4B-AB18-4AE9-BEEA-15A036CD6BC5}.Debug|Any CPU.ActiveCfg = Debug|Any CPU
		{CBA7AD4B-AB18-4AE9-BEEA-15A036CD6BC5}.Debug|Any CPU.Build.0 = Debug|Any CPU
		{CBA7AD4B-AB18-4AE9-BEEA-15A036CD6BC5}.Debug|Mixed Platforms.ActiveCfg = Debug|Any CPU
		{CBA7AD4B-AB18-4AE9-BEEA-15A036CD6BC5}.Debug|Mixed Platforms.Build.0 = Debug|Any CPU
		{CBA7AD4B-AB18-4AE9-BEEA-15A036CD6BC5}.Debug|x86.ActiveCfg = Debug|Any CPU
		{CBA7AD4B-AB18-4AE9-BEEA-15A036CD6BC5}.Release|Any CPU.ActiveCfg = Release|Any CPU
		{CBA7AD4B-AB18-4AE9-BEEA-15A036CD6BC5}.Release|Any CPU.Build.0 = Release|Any CPU
		{CBA7AD4B-AB18-4AE9-BEEA-15A036CD6BC5}.Release|Mixed Platforms.ActiveCfg = Release|Any CPU
		{CBA7AD4B-AB18-4AE9-BEEA-15A036CD6BC5}.Release|Mixed Platforms.Build.0 = Release|Any CPU
		{CBA7AD4B-AB18-4AE9-BEEA-15A036CD6BC5}.Release|x86.ActiveCfg = Release|Any CPU
		{DCCB3D82-3ABE-42E3-882B-7EE768FE35A2}.Debug|Any CPU.ActiveCfg = Debug|Any CPU
		{DCCB3D82-3ABE-42E3-882B-7EE768FE35A2}.Debug|Any CPU.Build.0 = Debug|Any CPU
		{DCCB3D82-3ABE-42E3-882B-7EE768FE35A2}.Debug|Mixed Platforms.ActiveCfg = Debug|Any CPU
		{DCCB3D82-3ABE-42E3-882B-7EE768FE35A2}.Debug|Mixed Platforms.Build.0 = Debug|Any CPU
		{DCCB3D82-3ABE-42E3-882B-7EE768FE35A2}.Debug|x86.ActiveCfg = Debug|Any CPU
		{DCCB3D82-3ABE-42E3-882B-7EE768FE35A2}.Release|Any CPU.ActiveCfg = Release|Any CPU
		{DCCB3D82-3ABE-42E3-882B-7EE768FE35A2}.Release|Any CPU.Build.0 = Release|Any CPU
		{DCCB3D82-3ABE-42E3-882B-7EE768FE35A2}.Release|Mixed Platforms.ActiveCfg = Release|Any CPU
		{DCCB3D82-3ABE-42E3-882B-7EE768FE35A2}.Release|Mixed Platforms.Build.0 = Release|Any CPU
		{DCCB3D82-3ABE-42E3-882B-7EE768FE35A2}.Release|x86.ActiveCfg = Release|Any CPU
		{7782C99C-31AB-40E7-B113-2615018D3916}.Debug|Any CPU.ActiveCfg = Debug|Any CPU
		{7782C99C-31AB-40E7-B113-2615018D3916}.Debug|Any CPU.Build.0 = Debug|Any CPU
		{7782C99C-31AB-40E7-B113-2615018D3916}.Debug|Mixed Platforms.ActiveCfg = Debug|Any CPU
		{7782C99C-31AB-40E7-B113-2615018D3916}.Debug|Mixed Platforms.Build.0 = Debug|Any CPU
		{7782C99C-31AB-40E7-B113-2615018D3916}.Debug|x86.ActiveCfg = Debug|Any CPU
		{7782C99C-31AB-40E7-B113-2615018D3916}.Release|Any CPU.ActiveCfg = Release|Any CPU
		{7782C99C-31AB-40E7-B113-2615018D3916}.Release|Any CPU.Build.0 = Release|Any CPU
		{7782C99C-31AB-40E7-B113-2615018D3916}.Release|Mixed Platforms.ActiveCfg = Release|Any CPU
		{7782C99C-31AB-40E7-B113-2615018D3916}.Release|Mixed Platforms.Build.0 = Release|Any CPU
		{7782C99C-31AB-40E7-B113-2615018D3916}.Release|x86.ActiveCfg = Release|Any CPU
		{5EE6D7BE-19AA-46A6-9CE6-642B4C4E5187}.Debug|Any CPU.ActiveCfg = Debug|Any CPU
		{5EE6D7BE-19AA-46A6-9CE6-642B4C4E5187}.Debug|Any CPU.Build.0 = Debug|Any CPU
		{5EE6D7BE-19AA-46A6-9CE6-642B4C4E5187}.Debug|Mixed Platforms.ActiveCfg = Debug|Any CPU
		{5EE6D7BE-19AA-46A6-9CE6-642B4C4E5187}.Debug|Mixed Platforms.Build.0 = Debug|Any CPU
		{5EE6D7BE-19AA-46A6-9CE6-642B4C4E5187}.Debug|x86.ActiveCfg = Debug|Any CPU
		{5EE6D7BE-19AA-46A6-9CE6-642B4C4E5187}.Release|Any CPU.ActiveCfg = Release|Any CPU
		{5EE6D7BE-19AA-46A6-9CE6-642B4C4E5187}.Release|Any CPU.Build.0 = Release|Any CPU
		{5EE6D7BE-19AA-46A6-9CE6-642B4C4E5187}.Release|Mixed Platforms.ActiveCfg = Release|Any CPU
		{5EE6D7BE-19AA-46A6-9CE6-642B4C4E5187}.Release|Mixed Platforms.Build.0 = Release|Any CPU
		{5EE6D7BE-19AA-46A6-9CE6-642B4C4E5187}.Release|x86.ActiveCfg = Release|Any CPU
		{F9F3DAF6-681C-4039-8F2B-EBB6E6A1B4D7}.Debug|Any CPU.ActiveCfg = Debug|Any CPU
		{F9F3DAF6-681C-4039-8F2B-EBB6E6A1B4D7}.Debug|Any CPU.Build.0 = Debug|Any CPU
		{F9F3DAF6-681C-4039-8F2B-EBB6E6A1B4D7}.Debug|Mixed Platforms.ActiveCfg = Debug|Any CPU
		{F9F3DAF6-681C-4039-8F2B-EBB6E6A1B4D7}.Debug|Mixed Platforms.Build.0 = Debug|Any CPU
		{F9F3DAF6-681C-4039-8F2B-EBB6E6A1B4D7}.Debug|x86.ActiveCfg = Debug|Any CPU
		{F9F3DAF6-681C-4039-8F2B-EBB6E6A1B4D7}.Release|Any CPU.ActiveCfg = Release|Any CPU
		{F9F3DAF6-681C-4039-8F2B-EBB6E6A1B4D7}.Release|Any CPU.Build.0 = Release|Any CPU
		{F9F3DAF6-681C-4039-8F2B-EBB6E6A1B4D7}.Release|Mixed Platforms.ActiveCfg = Release|Any CPU
		{F9F3DAF6-681C-4039-8F2B-EBB6E6A1B4D7}.Release|Mixed Platforms.Build.0 = Release|Any CPU
		{F9F3DAF6-681C-4039-8F2B-EBB6E6A1B4D7}.Release|x86.ActiveCfg = Release|Any CPU
		{A075EEBD-79EB-4544-8F55-79E685C09471}.Debug|Any CPU.ActiveCfg = Debug|Any CPU
		{A075EEBD-79EB-4544-8F55-79E685C09471}.Debug|Any CPU.Build.0 = Debug|Any CPU
		{A075EEBD-79EB-4544-8F55-79E685C09471}.Debug|Mixed Platforms.ActiveCfg = Debug|Any CPU
		{A075EEBD-79EB-4544-8F55-79E685C09471}.Debug|Mixed Platforms.Build.0 = Debug|Any CPU
		{A075EEBD-79EB-4544-8F55-79E685C09471}.Debug|x86.ActiveCfg = Debug|Any CPU
		{A075EEBD-79EB-4544-8F55-79E685C09471}.Release|Any CPU.ActiveCfg = Release|Any CPU
		{A075EEBD-79EB-4544-8F55-79E685C09471}.Release|Any CPU.Build.0 = Release|Any CPU
		{A075EEBD-79EB-4544-8F55-79E685C09471}.Release|Mixed Platforms.ActiveCfg = Release|Any CPU
		{A075EEBD-79EB-4544-8F55-79E685C09471}.Release|Mixed Platforms.Build.0 = Release|Any CPU
		{A075EEBD-79EB-4544-8F55-79E685C09471}.Release|x86.ActiveCfg = Release|Any CPU
		{19992817-1672-4FB4-A103-09309CB26C67}.Debug|Any CPU.ActiveCfg = Debug|Any CPU
		{19992817-1672-4FB4-A103-09309CB26C67}.Debug|Any CPU.Build.0 = Debug|Any CPU
		{19992817-1672-4FB4-A103-09309CB26C67}.Debug|Mixed Platforms.ActiveCfg = Debug|Any CPU
		{19992817-1672-4FB4-A103-09309CB26C67}.Debug|Mixed Platforms.Build.0 = Debug|Any CPU
		{19992817-1672-4FB4-A103-09309CB26C67}.Debug|x86.ActiveCfg = Debug|Any CPU
		{19992817-1672-4FB4-A103-09309CB26C67}.Release|Any CPU.ActiveCfg = Release|Any CPU
		{19992817-1672-4FB4-A103-09309CB26C67}.Release|Any CPU.Build.0 = Release|Any CPU
		{19992817-1672-4FB4-A103-09309CB26C67}.Release|Mixed Platforms.ActiveCfg = Release|Any CPU
		{19992817-1672-4FB4-A103-09309CB26C67}.Release|Mixed Platforms.Build.0 = Release|Any CPU
		{19992817-1672-4FB4-A103-09309CB26C67}.Release|x86.ActiveCfg = Release|Any CPU
		{52FB218A-59D2-4DA0-99E7-DC060F6983C8}.Debug|Any CPU.ActiveCfg = Debug|Any CPU
		{52FB218A-59D2-4DA0-99E7-DC060F6983C8}.Debug|Any CPU.Build.0 = Debug|Any CPU
		{52FB218A-59D2-4DA0-99E7-DC060F6983C8}.Debug|Mixed Platforms.ActiveCfg = Debug|Any CPU
		{52FB218A-59D2-4DA0-99E7-DC060F6983C8}.Debug|Mixed Platforms.Build.0 = Debug|Any CPU
		{52FB218A-59D2-4DA0-99E7-DC060F6983C8}.Debug|x86.ActiveCfg = Debug|Any CPU
		{52FB218A-59D2-4DA0-99E7-DC060F6983C8}.Release|Any CPU.ActiveCfg = Release|Any CPU
		{52FB218A-59D2-4DA0-99E7-DC060F6983C8}.Release|Any CPU.Build.0 = Release|Any CPU
		{52FB218A-59D2-4DA0-99E7-DC060F6983C8}.Release|Mixed Platforms.ActiveCfg = Release|Any CPU
		{52FB218A-59D2-4DA0-99E7-DC060F6983C8}.Release|Mixed Platforms.Build.0 = Release|Any CPU
		{52FB218A-59D2-4DA0-99E7-DC060F6983C8}.Release|x86.ActiveCfg = Release|Any CPU
		{D62CDAB7-24AE-485E-A4B3-BC776E82ED4D}.Debug|Any CPU.ActiveCfg = Debug|Any CPU
		{D62CDAB7-24AE-485E-A4B3-BC776E82ED4D}.Debug|Any CPU.Build.0 = Debug|Any CPU
		{D62CDAB7-24AE-485E-A4B3-BC776E82ED4D}.Debug|Mixed Platforms.ActiveCfg = Debug|Any CPU
		{D62CDAB7-24AE-485E-A4B3-BC776E82ED4D}.Debug|Mixed Platforms.Build.0 = Debug|Any CPU
		{D62CDAB7-24AE-485E-A4B3-BC776E82ED4D}.Debug|x86.ActiveCfg = Debug|Any CPU
		{D62CDAB7-24AE-485E-A4B3-BC776E82ED4D}.Release|Any CPU.ActiveCfg = Release|Any CPU
		{D62CDAB7-24AE-485E-A4B3-BC776E82ED4D}.Release|Any CPU.Build.0 = Release|Any CPU
		{D62CDAB7-24AE-485E-A4B3-BC776E82ED4D}.Release|Mixed Platforms.ActiveCfg = Release|Any CPU
		{D62CDAB7-24AE-485E-A4B3-BC776E82ED4D}.Release|Mixed Platforms.Build.0 = Release|Any CPU
		{D62CDAB7-24AE-485E-A4B3-BC776E82ED4D}.Release|x86.ActiveCfg = Release|Any CPU
		{9727345B-D25D-4570-9F24-9D9BCF84C076}.Debug|Any CPU.ActiveCfg = Debug|Any CPU
		{9727345B-D25D-4570-9F24-9D9BCF84C076}.Debug|Any CPU.Build.0 = Debug|Any CPU
		{9727345B-D25D-4570-9F24-9D9BCF84C076}.Debug|Mixed Platforms.ActiveCfg = Debug|Any CPU
		{9727345B-D25D-4570-9F24-9D9BCF84C076}.Debug|Mixed Platforms.Build.0 = Debug|Any CPU
		{9727345B-D25D-4570-9F24-9D9BCF84C076}.Debug|x86.ActiveCfg = Debug|Any CPU
		{9727345B-D25D-4570-9F24-9D9BCF84C076}.Release|Any CPU.ActiveCfg = Release|Any CPU
		{9727345B-D25D-4570-9F24-9D9BCF84C076}.Release|Any CPU.Build.0 = Release|Any CPU
		{9727345B-D25D-4570-9F24-9D9BCF84C076}.Release|Mixed Platforms.ActiveCfg = Release|Any CPU
		{9727345B-D25D-4570-9F24-9D9BCF84C076}.Release|Mixed Platforms.Build.0 = Release|Any CPU
		{9727345B-D25D-4570-9F24-9D9BCF84C076}.Release|x86.ActiveCfg = Release|Any CPU
		{54A9EE0B-D950-4752-B017-030DF65E4D60}.Debug|Any CPU.ActiveCfg = Debug|Any CPU
		{54A9EE0B-D950-4752-B017-030DF65E4D60}.Debug|Any CPU.Build.0 = Debug|Any CPU
		{54A9EE0B-D950-4752-B017-030DF65E4D60}.Debug|Mixed Platforms.ActiveCfg = Debug|Any CPU
		{54A9EE0B-D950-4752-B017-030DF65E4D60}.Debug|Mixed Platforms.Build.0 = Debug|Any CPU
		{54A9EE0B-D950-4752-B017-030DF65E4D60}.Debug|x86.ActiveCfg = Debug|Any CPU
		{54A9EE0B-D950-4752-B017-030DF65E4D60}.Release|Any CPU.ActiveCfg = Release|Any CPU
		{54A9EE0B-D950-4752-B017-030DF65E4D60}.Release|Any CPU.Build.0 = Release|Any CPU
		{54A9EE0B-D950-4752-B017-030DF65E4D60}.Release|Mixed Platforms.ActiveCfg = Release|Any CPU
		{54A9EE0B-D950-4752-B017-030DF65E4D60}.Release|Mixed Platforms.Build.0 = Release|Any CPU
		{54A9EE0B-D950-4752-B017-030DF65E4D60}.Release|x86.ActiveCfg = Release|Any CPU
		{3E1851C7-3BAA-4757-8858-8BD7EA55F842}.Debug|Any CPU.ActiveCfg = Debug|Any CPU
		{3E1851C7-3BAA-4757-8858-8BD7EA55F842}.Debug|Any CPU.Build.0 = Debug|Any CPU
		{3E1851C7-3BAA-4757-8858-8BD7EA55F842}.Debug|Mixed Platforms.ActiveCfg = Debug|Any CPU
		{3E1851C7-3BAA-4757-8858-8BD7EA55F842}.Debug|Mixed Platforms.Build.0 = Debug|Any CPU
		{3E1851C7-3BAA-4757-8858-8BD7EA55F842}.Debug|x86.ActiveCfg = Debug|Any CPU
		{3E1851C7-3BAA-4757-8858-8BD7EA55F842}.Release|Any CPU.ActiveCfg = Release|Any CPU
		{3E1851C7-3BAA-4757-8858-8BD7EA55F842}.Release|Any CPU.Build.0 = Release|Any CPU
		{3E1851C7-3BAA-4757-8858-8BD7EA55F842}.Release|Mixed Platforms.ActiveCfg = Release|Any CPU
		{3E1851C7-3BAA-4757-8858-8BD7EA55F842}.Release|Mixed Platforms.Build.0 = Release|Any CPU
		{3E1851C7-3BAA-4757-8858-8BD7EA55F842}.Release|x86.ActiveCfg = Release|Any CPU
		{A962E253-09EA-4311-8A0A-E298AAD81204}.Debug|Any CPU.ActiveCfg = Debug|Any CPU
		{A962E253-09EA-4311-8A0A-E298AAD81204}.Debug|Any CPU.Build.0 = Debug|Any CPU
		{A962E253-09EA-4311-8A0A-E298AAD81204}.Debug|Mixed Platforms.ActiveCfg = Debug|Any CPU
		{A962E253-09EA-4311-8A0A-E298AAD81204}.Debug|Mixed Platforms.Build.0 = Debug|Any CPU
		{A962E253-09EA-4311-8A0A-E298AAD81204}.Debug|x86.ActiveCfg = Debug|Any CPU
		{A962E253-09EA-4311-8A0A-E298AAD81204}.Release|Any CPU.ActiveCfg = Release|Any CPU
		{A962E253-09EA-4311-8A0A-E298AAD81204}.Release|Any CPU.Build.0 = Release|Any CPU
		{A962E253-09EA-4311-8A0A-E298AAD81204}.Release|Mixed Platforms.ActiveCfg = Release|Any CPU
		{A962E253-09EA-4311-8A0A-E298AAD81204}.Release|Mixed Platforms.Build.0 = Release|Any CPU
		{A962E253-09EA-4311-8A0A-E298AAD81204}.Release|x86.ActiveCfg = Release|Any CPU
		{BDA824AF-09F2-4338-86AE-B05552CD542E}.Debug|Any CPU.ActiveCfg = Debug|Any CPU
		{BDA824AF-09F2-4338-86AE-B05552CD542E}.Debug|Any CPU.Build.0 = Debug|Any CPU
		{BDA824AF-09F2-4338-86AE-B05552CD542E}.Debug|Mixed Platforms.ActiveCfg = Debug|Any CPU
		{BDA824AF-09F2-4338-86AE-B05552CD542E}.Debug|Mixed Platforms.Build.0 = Debug|Any CPU
		{BDA824AF-09F2-4338-86AE-B05552CD542E}.Debug|x86.ActiveCfg = Debug|Any CPU
		{BDA824AF-09F2-4338-86AE-B05552CD542E}.Release|Any CPU.ActiveCfg = Release|Any CPU
		{BDA824AF-09F2-4338-86AE-B05552CD542E}.Release|Any CPU.Build.0 = Release|Any CPU
		{BDA824AF-09F2-4338-86AE-B05552CD542E}.Release|Mixed Platforms.ActiveCfg = Release|Any CPU
		{BDA824AF-09F2-4338-86AE-B05552CD542E}.Release|Mixed Platforms.Build.0 = Release|Any CPU
		{BDA824AF-09F2-4338-86AE-B05552CD542E}.Release|x86.ActiveCfg = Release|Any CPU
		{470B5E14-25AD-448A-9C8B-50A594E84EF6}.Debug|Any CPU.ActiveCfg = Debug|Any CPU
		{470B5E14-25AD-448A-9C8B-50A594E84EF6}.Debug|Any CPU.Build.0 = Debug|Any CPU
		{470B5E14-25AD-448A-9C8B-50A594E84EF6}.Debug|Mixed Platforms.ActiveCfg = Debug|Any CPU
		{470B5E14-25AD-448A-9C8B-50A594E84EF6}.Debug|Mixed Platforms.Build.0 = Debug|Any CPU
		{470B5E14-25AD-448A-9C8B-50A594E84EF6}.Debug|x86.ActiveCfg = Debug|Any CPU
		{470B5E14-25AD-448A-9C8B-50A594E84EF6}.Release|Any CPU.ActiveCfg = Release|Any CPU
		{470B5E14-25AD-448A-9C8B-50A594E84EF6}.Release|Any CPU.Build.0 = Release|Any CPU
		{470B5E14-25AD-448A-9C8B-50A594E84EF6}.Release|Mixed Platforms.ActiveCfg = Release|Any CPU
		{470B5E14-25AD-448A-9C8B-50A594E84EF6}.Release|Mixed Platforms.Build.0 = Release|Any CPU
		{470B5E14-25AD-448A-9C8B-50A594E84EF6}.Release|x86.ActiveCfg = Release|Any CPU
		{0545E956-B222-4574-9C08-5BADD2316125}.Debug|Any CPU.ActiveCfg = Debug|Any CPU
		{0545E956-B222-4574-9C08-5BADD2316125}.Debug|Any CPU.Build.0 = Debug|Any CPU
		{0545E956-B222-4574-9C08-5BADD2316125}.Debug|Mixed Platforms.ActiveCfg = Debug|Any CPU
		{0545E956-B222-4574-9C08-5BADD2316125}.Debug|Mixed Platforms.Build.0 = Debug|Any CPU
		{0545E956-B222-4574-9C08-5BADD2316125}.Debug|x86.ActiveCfg = Debug|Any CPU
		{0545E956-B222-4574-9C08-5BADD2316125}.Release|Any CPU.ActiveCfg = Release|Any CPU
		{0545E956-B222-4574-9C08-5BADD2316125}.Release|Any CPU.Build.0 = Release|Any CPU
		{0545E956-B222-4574-9C08-5BADD2316125}.Release|Mixed Platforms.ActiveCfg = Release|Any CPU
		{0545E956-B222-4574-9C08-5BADD2316125}.Release|Mixed Platforms.Build.0 = Release|Any CPU
		{0545E956-B222-4574-9C08-5BADD2316125}.Release|x86.ActiveCfg = Release|Any CPU
		{12E8E26B-98FE-46C0-BAC4-BCC70ACFB2DC}.Debug|Any CPU.ActiveCfg = Debug|Any CPU
		{12E8E26B-98FE-46C0-BAC4-BCC70ACFB2DC}.Debug|Any CPU.Build.0 = Debug|Any CPU
		{12E8E26B-98FE-46C0-BAC4-BCC70ACFB2DC}.Debug|Mixed Platforms.ActiveCfg = Debug|Any CPU
		{12E8E26B-98FE-46C0-BAC4-BCC70ACFB2DC}.Debug|Mixed Platforms.Build.0 = Debug|Any CPU
		{12E8E26B-98FE-46C0-BAC4-BCC70ACFB2DC}.Debug|x86.ActiveCfg = Debug|Any CPU
		{12E8E26B-98FE-46C0-BAC4-BCC70ACFB2DC}.Release|Any CPU.ActiveCfg = Release|Any CPU
		{12E8E26B-98FE-46C0-BAC4-BCC70ACFB2DC}.Release|Any CPU.Build.0 = Release|Any CPU
		{12E8E26B-98FE-46C0-BAC4-BCC70ACFB2DC}.Release|Mixed Platforms.ActiveCfg = Release|Any CPU
		{12E8E26B-98FE-46C0-BAC4-BCC70ACFB2DC}.Release|Mixed Platforms.Build.0 = Release|Any CPU
		{12E8E26B-98FE-46C0-BAC4-BCC70ACFB2DC}.Release|x86.ActiveCfg = Release|Any CPU
		{BA00BDE1-75CB-438F-85B6-3BA2A6F0F6D3}.Debug|Any CPU.ActiveCfg = Debug|Any CPU
		{BA00BDE1-75CB-438F-85B6-3BA2A6F0F6D3}.Debug|Any CPU.Build.0 = Debug|Any CPU
		{BA00BDE1-75CB-438F-85B6-3BA2A6F0F6D3}.Debug|Mixed Platforms.ActiveCfg = Debug|Any CPU
		{BA00BDE1-75CB-438F-85B6-3BA2A6F0F6D3}.Debug|Mixed Platforms.Build.0 = Debug|Any CPU
		{BA00BDE1-75CB-438F-85B6-3BA2A6F0F6D3}.Debug|x86.ActiveCfg = Debug|Any CPU
		{BA00BDE1-75CB-438F-85B6-3BA2A6F0F6D3}.Release|Any CPU.ActiveCfg = Release|Any CPU
		{BA00BDE1-75CB-438F-85B6-3BA2A6F0F6D3}.Release|Any CPU.Build.0 = Release|Any CPU
		{BA00BDE1-75CB-438F-85B6-3BA2A6F0F6D3}.Release|Mixed Platforms.ActiveCfg = Release|Any CPU
		{BA00BDE1-75CB-438F-85B6-3BA2A6F0F6D3}.Release|Mixed Platforms.Build.0 = Release|Any CPU
		{BA00BDE1-75CB-438F-85B6-3BA2A6F0F6D3}.Release|x86.ActiveCfg = Release|Any CPU
		{6A7FA105-F422-4CBC-84A4-A71BF98204A6}.Debug|Any CPU.ActiveCfg = Debug|Any CPU
		{6A7FA105-F422-4CBC-84A4-A71BF98204A6}.Debug|Any CPU.Build.0 = Debug|Any CPU
		{6A7FA105-F422-4CBC-84A4-A71BF98204A6}.Debug|Mixed Platforms.ActiveCfg = Debug|Any CPU
		{6A7FA105-F422-4CBC-84A4-A71BF98204A6}.Debug|Mixed Platforms.Build.0 = Debug|Any CPU
		{6A7FA105-F422-4CBC-84A4-A71BF98204A6}.Debug|x86.ActiveCfg = Debug|Any CPU
		{6A7FA105-F422-4CBC-84A4-A71BF98204A6}.Release|Any CPU.ActiveCfg = Release|Any CPU
		{6A7FA105-F422-4CBC-84A4-A71BF98204A6}.Release|Any CPU.Build.0 = Release|Any CPU
		{6A7FA105-F422-4CBC-84A4-A71BF98204A6}.Release|Mixed Platforms.ActiveCfg = Release|Any CPU
		{6A7FA105-F422-4CBC-84A4-A71BF98204A6}.Release|Mixed Platforms.Build.0 = Release|Any CPU
		{6A7FA105-F422-4CBC-84A4-A71BF98204A6}.Release|x86.ActiveCfg = Release|Any CPU
		{6B20E123-53AA-4B41-A16E-6634CA212691}.Debug|Any CPU.ActiveCfg = Debug|Any CPU
		{6B20E123-53AA-4B41-A16E-6634CA212691}.Debug|Any CPU.Build.0 = Debug|Any CPU
		{6B20E123-53AA-4B41-A16E-6634CA212691}.Debug|Mixed Platforms.ActiveCfg = Debug|Any CPU
		{6B20E123-53AA-4B41-A16E-6634CA212691}.Debug|Mixed Platforms.Build.0 = Debug|Any CPU
		{6B20E123-53AA-4B41-A16E-6634CA212691}.Debug|x86.ActiveCfg = Debug|Any CPU
		{6B20E123-53AA-4B41-A16E-6634CA212691}.Release|Any CPU.ActiveCfg = Release|Any CPU
		{6B20E123-53AA-4B41-A16E-6634CA212691}.Release|Any CPU.Build.0 = Release|Any CPU
		{6B20E123-53AA-4B41-A16E-6634CA212691}.Release|Mixed Platforms.ActiveCfg = Release|Any CPU
		{6B20E123-53AA-4B41-A16E-6634CA212691}.Release|Mixed Platforms.Build.0 = Release|Any CPU
		{6B20E123-53AA-4B41-A16E-6634CA212691}.Release|x86.ActiveCfg = Release|Any CPU
		{AAA73AA7-506D-43B3-B74E-CFD2382ADFDE}.Debug|Any CPU.ActiveCfg = Debug|Any CPU
		{AAA73AA7-506D-43B3-B74E-CFD2382ADFDE}.Debug|Any CPU.Build.0 = Debug|Any CPU
		{AAA73AA7-506D-43B3-B74E-CFD2382ADFDE}.Debug|Mixed Platforms.ActiveCfg = Debug|Any CPU
		{AAA73AA7-506D-43B3-B74E-CFD2382ADFDE}.Debug|Mixed Platforms.Build.0 = Debug|Any CPU
		{AAA73AA7-506D-43B3-B74E-CFD2382ADFDE}.Debug|x86.ActiveCfg = Debug|Any CPU
		{AAA73AA7-506D-43B3-B74E-CFD2382ADFDE}.Release|Any CPU.ActiveCfg = Release|Any CPU
		{AAA73AA7-506D-43B3-B74E-CFD2382ADFDE}.Release|Any CPU.Build.0 = Release|Any CPU
		{AAA73AA7-506D-43B3-B74E-CFD2382ADFDE}.Release|Mixed Platforms.ActiveCfg = Release|Any CPU
		{AAA73AA7-506D-43B3-B74E-CFD2382ADFDE}.Release|Mixed Platforms.Build.0 = Release|Any CPU
		{AAA73AA7-506D-43B3-B74E-CFD2382ADFDE}.Release|x86.ActiveCfg = Release|Any CPU
		{8A030E67-86EB-49B5-B30B-0E9D86A50CE4}.Debug|Any CPU.ActiveCfg = Debug|Any CPU
		{8A030E67-86EB-49B5-B30B-0E9D86A50CE4}.Debug|Any CPU.Build.0 = Debug|Any CPU
		{8A030E67-86EB-49B5-B30B-0E9D86A50CE4}.Debug|Mixed Platforms.ActiveCfg = Debug|Any CPU
		{8A030E67-86EB-49B5-B30B-0E9D86A50CE4}.Debug|Mixed Platforms.Build.0 = Debug|Any CPU
		{8A030E67-86EB-49B5-B30B-0E9D86A50CE4}.Debug|x86.ActiveCfg = Debug|Any CPU
		{8A030E67-86EB-49B5-B30B-0E9D86A50CE4}.Release|Any CPU.ActiveCfg = Release|Any CPU
		{8A030E67-86EB-49B5-B30B-0E9D86A50CE4}.Release|Any CPU.Build.0 = Release|Any CPU
		{8A030E67-86EB-49B5-B30B-0E9D86A50CE4}.Release|Mixed Platforms.ActiveCfg = Release|Any CPU
		{8A030E67-86EB-49B5-B30B-0E9D86A50CE4}.Release|Mixed Platforms.Build.0 = Release|Any CPU
		{8A030E67-86EB-49B5-B30B-0E9D86A50CE4}.Release|x86.ActiveCfg = Release|Any CPU
		{1B4513DD-27F5-4FDF-B022-B0680F3FB690}.Debug|Any CPU.ActiveCfg = Debug|Any CPU
		{1B4513DD-27F5-4FDF-B022-B0680F3FB690}.Debug|Any CPU.Build.0 = Debug|Any CPU
		{1B4513DD-27F5-4FDF-B022-B0680F3FB690}.Debug|Mixed Platforms.ActiveCfg = Debug|Any CPU
		{1B4513DD-27F5-4FDF-B022-B0680F3FB690}.Debug|Mixed Platforms.Build.0 = Debug|Any CPU
		{1B4513DD-27F5-4FDF-B022-B0680F3FB690}.Debug|x86.ActiveCfg = Debug|Any CPU
		{1B4513DD-27F5-4FDF-B022-B0680F3FB690}.Release|Any CPU.ActiveCfg = Release|Any CPU
		{1B4513DD-27F5-4FDF-B022-B0680F3FB690}.Release|Any CPU.Build.0 = Release|Any CPU
		{1B4513DD-27F5-4FDF-B022-B0680F3FB690}.Release|Mixed Platforms.ActiveCfg = Release|Any CPU
		{1B4513DD-27F5-4FDF-B022-B0680F3FB690}.Release|Mixed Platforms.Build.0 = Release|Any CPU
		{1B4513DD-27F5-4FDF-B022-B0680F3FB690}.Release|x86.ActiveCfg = Release|Any CPU
		{9E849E17-44AA-419E-8831-B048AE0589A7}.Debug|Any CPU.ActiveCfg = Debug|Any CPU
		{9E849E17-44AA-419E-8831-B048AE0589A7}.Debug|Any CPU.Build.0 = Debug|Any CPU
		{9E849E17-44AA-419E-8831-B048AE0589A7}.Debug|Mixed Platforms.ActiveCfg = Debug|Any CPU
		{9E849E17-44AA-419E-8831-B048AE0589A7}.Debug|Mixed Platforms.Build.0 = Debug|Any CPU
		{9E849E17-44AA-419E-8831-B048AE0589A7}.Debug|x86.ActiveCfg = Debug|Any CPU
		{9E849E17-44AA-419E-8831-B048AE0589A7}.Release|Any CPU.ActiveCfg = Release|Any CPU
		{9E849E17-44AA-419E-8831-B048AE0589A7}.Release|Any CPU.Build.0 = Release|Any CPU
		{9E849E17-44AA-419E-8831-B048AE0589A7}.Release|Mixed Platforms.ActiveCfg = Release|Any CPU
		{9E849E17-44AA-419E-8831-B048AE0589A7}.Release|Mixed Platforms.Build.0 = Release|Any CPU
		{9E849E17-44AA-419E-8831-B048AE0589A7}.Release|x86.ActiveCfg = Release|Any CPU
		{1FE90E3B-5966-4008-A517-3933B2DD9B5C}.Debug|Any CPU.ActiveCfg = Debug|Any CPU
		{1FE90E3B-5966-4008-A517-3933B2DD9B5C}.Debug|Any CPU.Build.0 = Debug|Any CPU
		{1FE90E3B-5966-4008-A517-3933B2DD9B5C}.Debug|Mixed Platforms.ActiveCfg = Debug|Any CPU
		{1FE90E3B-5966-4008-A517-3933B2DD9B5C}.Debug|Mixed Platforms.Build.0 = Debug|Any CPU
		{1FE90E3B-5966-4008-A517-3933B2DD9B5C}.Debug|x86.ActiveCfg = Debug|Any CPU
		{1FE90E3B-5966-4008-A517-3933B2DD9B5C}.Release|Any CPU.ActiveCfg = Release|Any CPU
		{1FE90E3B-5966-4008-A517-3933B2DD9B5C}.Release|Any CPU.Build.0 = Release|Any CPU
		{1FE90E3B-5966-4008-A517-3933B2DD9B5C}.Release|Mixed Platforms.ActiveCfg = Release|Any CPU
		{1FE90E3B-5966-4008-A517-3933B2DD9B5C}.Release|Mixed Platforms.Build.0 = Release|Any CPU
		{1FE90E3B-5966-4008-A517-3933B2DD9B5C}.Release|x86.ActiveCfg = Release|Any CPU
		{B36103AA-C954-4F45-9F7A-7E648A147ADC}.Debug|Any CPU.ActiveCfg = Debug|Any CPU
		{B36103AA-C954-4F45-9F7A-7E648A147ADC}.Debug|Any CPU.Build.0 = Debug|Any CPU
		{B36103AA-C954-4F45-9F7A-7E648A147ADC}.Debug|Mixed Platforms.ActiveCfg = Debug|Any CPU
		{B36103AA-C954-4F45-9F7A-7E648A147ADC}.Debug|Mixed Platforms.Build.0 = Debug|Any CPU
		{B36103AA-C954-4F45-9F7A-7E648A147ADC}.Debug|x86.ActiveCfg = Debug|Any CPU
		{B36103AA-C954-4F45-9F7A-7E648A147ADC}.Release|Any CPU.ActiveCfg = Release|Any CPU
		{B36103AA-C954-4F45-9F7A-7E648A147ADC}.Release|Any CPU.Build.0 = Release|Any CPU
		{B36103AA-C954-4F45-9F7A-7E648A147ADC}.Release|Mixed Platforms.ActiveCfg = Release|Any CPU
		{B36103AA-C954-4F45-9F7A-7E648A147ADC}.Release|Mixed Platforms.Build.0 = Release|Any CPU
		{B36103AA-C954-4F45-9F7A-7E648A147ADC}.Release|x86.ActiveCfg = Release|Any CPU
		{EA8867B0-2A95-45A9-80A7-7F2BE0BC2E3A}.Debug|Any CPU.ActiveCfg = Debug|Any CPU
		{EA8867B0-2A95-45A9-80A7-7F2BE0BC2E3A}.Debug|Any CPU.Build.0 = Debug|Any CPU
		{EA8867B0-2A95-45A9-80A7-7F2BE0BC2E3A}.Debug|Mixed Platforms.ActiveCfg = Debug|Any CPU
		{EA8867B0-2A95-45A9-80A7-7F2BE0BC2E3A}.Debug|Mixed Platforms.Build.0 = Debug|Any CPU
		{EA8867B0-2A95-45A9-80A7-7F2BE0BC2E3A}.Debug|x86.ActiveCfg = Debug|Any CPU
		{EA8867B0-2A95-45A9-80A7-7F2BE0BC2E3A}.Release|Any CPU.ActiveCfg = Release|Any CPU
		{EA8867B0-2A95-45A9-80A7-7F2BE0BC2E3A}.Release|Any CPU.Build.0 = Release|Any CPU
		{EA8867B0-2A95-45A9-80A7-7F2BE0BC2E3A}.Release|Mixed Platforms.ActiveCfg = Release|Any CPU
		{EA8867B0-2A95-45A9-80A7-7F2BE0BC2E3A}.Release|Mixed Platforms.Build.0 = Release|Any CPU
		{EA8867B0-2A95-45A9-80A7-7F2BE0BC2E3A}.Release|x86.ActiveCfg = Release|Any CPU
		{BD4AEFFC-FB36-4BCF-8DE6-3A96AAD9BD2C}.Debug|Any CPU.ActiveCfg = Debug|Any CPU
		{BD4AEFFC-FB36-4BCF-8DE6-3A96AAD9BD2C}.Debug|Any CPU.Build.0 = Debug|Any CPU
		{BD4AEFFC-FB36-4BCF-8DE6-3A96AAD9BD2C}.Debug|Mixed Platforms.ActiveCfg = Debug|Any CPU
		{BD4AEFFC-FB36-4BCF-8DE6-3A96AAD9BD2C}.Debug|Mixed Platforms.Build.0 = Debug|Any CPU
		{BD4AEFFC-FB36-4BCF-8DE6-3A96AAD9BD2C}.Debug|x86.ActiveCfg = Debug|Any CPU
		{BD4AEFFC-FB36-4BCF-8DE6-3A96AAD9BD2C}.Release|Any CPU.ActiveCfg = Release|Any CPU
		{BD4AEFFC-FB36-4BCF-8DE6-3A96AAD9BD2C}.Release|Any CPU.Build.0 = Release|Any CPU
		{BD4AEFFC-FB36-4BCF-8DE6-3A96AAD9BD2C}.Release|Mixed Platforms.ActiveCfg = Release|Any CPU
		{BD4AEFFC-FB36-4BCF-8DE6-3A96AAD9BD2C}.Release|Mixed Platforms.Build.0 = Release|Any CPU
		{BD4AEFFC-FB36-4BCF-8DE6-3A96AAD9BD2C}.Release|x86.ActiveCfg = Release|Any CPU
		{1EC86005-0BF5-46EE-BC69-172ADABDB858}.Debug|Any CPU.ActiveCfg = Debug|Any CPU
		{1EC86005-0BF5-46EE-BC69-172ADABDB858}.Debug|Any CPU.Build.0 = Debug|Any CPU
		{1EC86005-0BF5-46EE-BC69-172ADABDB858}.Debug|Mixed Platforms.ActiveCfg = Debug|Any CPU
		{1EC86005-0BF5-46EE-BC69-172ADABDB858}.Debug|Mixed Platforms.Build.0 = Debug|Any CPU
		{1EC86005-0BF5-46EE-BC69-172ADABDB858}.Debug|x86.ActiveCfg = Debug|Any CPU
		{1EC86005-0BF5-46EE-BC69-172ADABDB858}.Release|Any CPU.ActiveCfg = Release|Any CPU
		{1EC86005-0BF5-46EE-BC69-172ADABDB858}.Release|Any CPU.Build.0 = Release|Any CPU
		{1EC86005-0BF5-46EE-BC69-172ADABDB858}.Release|Mixed Platforms.ActiveCfg = Release|Any CPU
		{1EC86005-0BF5-46EE-BC69-172ADABDB858}.Release|Mixed Platforms.Build.0 = Release|Any CPU
		{1EC86005-0BF5-46EE-BC69-172ADABDB858}.Release|x86.ActiveCfg = Release|Any CPU
		{E8DDA854-825F-418B-8BE4-65D20EBD704E}.Debug|Any CPU.ActiveCfg = Debug|Any CPU
		{E8DDA854-825F-418B-8BE4-65D20EBD704E}.Debug|Any CPU.Build.0 = Debug|Any CPU
		{E8DDA854-825F-418B-8BE4-65D20EBD704E}.Debug|Mixed Platforms.ActiveCfg = Debug|Any CPU
		{E8DDA854-825F-418B-8BE4-65D20EBD704E}.Debug|Mixed Platforms.Build.0 = Debug|Any CPU
		{E8DDA854-825F-418B-8BE4-65D20EBD704E}.Debug|x86.ActiveCfg = Debug|Any CPU
		{E8DDA854-825F-418B-8BE4-65D20EBD704E}.Release|Any CPU.ActiveCfg = Release|Any CPU
		{E8DDA854-825F-418B-8BE4-65D20EBD704E}.Release|Any CPU.Build.0 = Release|Any CPU
		{E8DDA854-825F-418B-8BE4-65D20EBD704E}.Release|Mixed Platforms.ActiveCfg = Release|Any CPU
		{E8DDA854-825F-418B-8BE4-65D20EBD704E}.Release|Mixed Platforms.Build.0 = Release|Any CPU
		{E8DDA854-825F-418B-8BE4-65D20EBD704E}.Release|x86.ActiveCfg = Release|Any CPU
		{EB3581A9-6FD0-4AFE-ACA5-FC94744D04DB}.Debug|Any CPU.ActiveCfg = Debug|Any CPU
		{EB3581A9-6FD0-4AFE-ACA5-FC94744D04DB}.Debug|Any CPU.Build.0 = Debug|Any CPU
		{EB3581A9-6FD0-4AFE-ACA5-FC94744D04DB}.Debug|Mixed Platforms.ActiveCfg = Debug|Any CPU
		{EB3581A9-6FD0-4AFE-ACA5-FC94744D04DB}.Debug|Mixed Platforms.Build.0 = Debug|Any CPU
		{EB3581A9-6FD0-4AFE-ACA5-FC94744D04DB}.Debug|x86.ActiveCfg = Debug|Any CPU
		{EB3581A9-6FD0-4AFE-ACA5-FC94744D04DB}.Release|Any CPU.ActiveCfg = Release|Any CPU
		{EB3581A9-6FD0-4AFE-ACA5-FC94744D04DB}.Release|Any CPU.Build.0 = Release|Any CPU
		{EB3581A9-6FD0-4AFE-ACA5-FC94744D04DB}.Release|Mixed Platforms.ActiveCfg = Release|Any CPU
		{EB3581A9-6FD0-4AFE-ACA5-FC94744D04DB}.Release|Mixed Platforms.Build.0 = Release|Any CPU
		{EB3581A9-6FD0-4AFE-ACA5-FC94744D04DB}.Release|x86.ActiveCfg = Release|Any CPU
		{D635449D-BA04-4345-880F-1CD97A4A8248}.Debug|Any CPU.ActiveCfg = Debug|Any CPU
		{D635449D-BA04-4345-880F-1CD97A4A8248}.Debug|Any CPU.Build.0 = Debug|Any CPU
		{D635449D-BA04-4345-880F-1CD97A4A8248}.Debug|Mixed Platforms.ActiveCfg = Debug|Any CPU
		{D635449D-BA04-4345-880F-1CD97A4A8248}.Debug|Mixed Platforms.Build.0 = Debug|Any CPU
		{D635449D-BA04-4345-880F-1CD97A4A8248}.Debug|x86.ActiveCfg = Debug|Any CPU
		{D635449D-BA04-4345-880F-1CD97A4A8248}.Release|Any CPU.ActiveCfg = Release|Any CPU
		{D635449D-BA04-4345-880F-1CD97A4A8248}.Release|Any CPU.Build.0 = Release|Any CPU
		{D635449D-BA04-4345-880F-1CD97A4A8248}.Release|Mixed Platforms.ActiveCfg = Release|Any CPU
		{D635449D-BA04-4345-880F-1CD97A4A8248}.Release|Mixed Platforms.Build.0 = Release|Any CPU
		{D635449D-BA04-4345-880F-1CD97A4A8248}.Release|x86.ActiveCfg = Release|Any CPU
		{135FAF48-AA90-40B8-BBD1-E65CD8536E45}.Debug|Any CPU.ActiveCfg = Debug|Any CPU
		{135FAF48-AA90-40B8-BBD1-E65CD8536E45}.Debug|Any CPU.Build.0 = Debug|Any CPU
		{135FAF48-AA90-40B8-BBD1-E65CD8536E45}.Debug|Mixed Platforms.ActiveCfg = Debug|Any CPU
		{135FAF48-AA90-40B8-BBD1-E65CD8536E45}.Debug|Mixed Platforms.Build.0 = Debug|Any CPU
		{135FAF48-AA90-40B8-BBD1-E65CD8536E45}.Debug|x86.ActiveCfg = Debug|Any CPU
		{135FAF48-AA90-40B8-BBD1-E65CD8536E45}.Release|Any CPU.ActiveCfg = Release|Any CPU
		{135FAF48-AA90-40B8-BBD1-E65CD8536E45}.Release|Any CPU.Build.0 = Release|Any CPU
		{135FAF48-AA90-40B8-BBD1-E65CD8536E45}.Release|Mixed Platforms.ActiveCfg = Release|Any CPU
		{135FAF48-AA90-40B8-BBD1-E65CD8536E45}.Release|Mixed Platforms.Build.0 = Release|Any CPU
		{135FAF48-AA90-40B8-BBD1-E65CD8536E45}.Release|x86.ActiveCfg = Release|Any CPU
		{1C971D00-62DF-48EB-94B0-BA7E9FACAF52}.Debug|Any CPU.ActiveCfg = Debug|Any CPU
		{1C971D00-62DF-48EB-94B0-BA7E9FACAF52}.Debug|Any CPU.Build.0 = Debug|Any CPU
		{1C971D00-62DF-48EB-94B0-BA7E9FACAF52}.Debug|Mixed Platforms.ActiveCfg = Debug|Any CPU
		{1C971D00-62DF-48EB-94B0-BA7E9FACAF52}.Debug|Mixed Platforms.Build.0 = Debug|Any CPU
		{1C971D00-62DF-48EB-94B0-BA7E9FACAF52}.Debug|x86.ActiveCfg = Debug|Any CPU
		{1C971D00-62DF-48EB-94B0-BA7E9FACAF52}.Release|Any CPU.ActiveCfg = Release|Any CPU
		{1C971D00-62DF-48EB-94B0-BA7E9FACAF52}.Release|Any CPU.Build.0 = Release|Any CPU
		{1C971D00-62DF-48EB-94B0-BA7E9FACAF52}.Release|Mixed Platforms.ActiveCfg = Release|Any CPU
		{1C971D00-62DF-48EB-94B0-BA7E9FACAF52}.Release|Mixed Platforms.Build.0 = Release|Any CPU
		{1C971D00-62DF-48EB-94B0-BA7E9FACAF52}.Release|x86.ActiveCfg = Release|Any CPU
		{96BD4E36-14D5-45DA-B09A-7EBD2B02990F}.Debug|Any CPU.ActiveCfg = Debug|Any CPU
		{96BD4E36-14D5-45DA-B09A-7EBD2B02990F}.Debug|Any CPU.Build.0 = Debug|Any CPU
		{96BD4E36-14D5-45DA-B09A-7EBD2B02990F}.Debug|Mixed Platforms.ActiveCfg = Debug|Any CPU
		{96BD4E36-14D5-45DA-B09A-7EBD2B02990F}.Debug|Mixed Platforms.Build.0 = Debug|Any CPU
		{96BD4E36-14D5-45DA-B09A-7EBD2B02990F}.Debug|x86.ActiveCfg = Debug|Any CPU
		{96BD4E36-14D5-45DA-B09A-7EBD2B02990F}.Release|Any CPU.ActiveCfg = Release|Any CPU
		{96BD4E36-14D5-45DA-B09A-7EBD2B02990F}.Release|Any CPU.Build.0 = Release|Any CPU
		{96BD4E36-14D5-45DA-B09A-7EBD2B02990F}.Release|Mixed Platforms.ActiveCfg = Release|Any CPU
		{96BD4E36-14D5-45DA-B09A-7EBD2B02990F}.Release|Mixed Platforms.Build.0 = Release|Any CPU
		{96BD4E36-14D5-45DA-B09A-7EBD2B02990F}.Release|x86.ActiveCfg = Release|Any CPU
		{EB70C286-064D-44EB-B105-05537581C833}.Debug|Any CPU.ActiveCfg = Debug|Any CPU
		{EB70C286-064D-44EB-B105-05537581C833}.Debug|Any CPU.Build.0 = Debug|Any CPU
		{EB70C286-064D-44EB-B105-05537581C833}.Debug|Mixed Platforms.ActiveCfg = Debug|Any CPU
		{EB70C286-064D-44EB-B105-05537581C833}.Debug|Mixed Platforms.Build.0 = Debug|Any CPU
		{EB70C286-064D-44EB-B105-05537581C833}.Debug|x86.ActiveCfg = Debug|Any CPU
		{EB70C286-064D-44EB-B105-05537581C833}.Release|Any CPU.ActiveCfg = Release|Any CPU
		{EB70C286-064D-44EB-B105-05537581C833}.Release|Any CPU.Build.0 = Release|Any CPU
		{EB70C286-064D-44EB-B105-05537581C833}.Release|Mixed Platforms.ActiveCfg = Release|Any CPU
		{EB70C286-064D-44EB-B105-05537581C833}.Release|Mixed Platforms.Build.0 = Release|Any CPU
		{EB70C286-064D-44EB-B105-05537581C833}.Release|x86.ActiveCfg = Release|Any CPU
		{7BA3EBA6-B63D-4A5C-89AC-0D769F9DF8A9}.Debug|Any CPU.ActiveCfg = Debug|Any CPU
		{7BA3EBA6-B63D-4A5C-89AC-0D769F9DF8A9}.Debug|Any CPU.Build.0 = Debug|Any CPU
		{7BA3EBA6-B63D-4A5C-89AC-0D769F9DF8A9}.Debug|Mixed Platforms.ActiveCfg = Debug|Any CPU
		{7BA3EBA6-B63D-4A5C-89AC-0D769F9DF8A9}.Debug|Mixed Platforms.Build.0 = Debug|Any CPU
		{7BA3EBA6-B63D-4A5C-89AC-0D769F9DF8A9}.Debug|x86.ActiveCfg = Debug|Any CPU
		{7BA3EBA6-B63D-4A5C-89AC-0D769F9DF8A9}.Release|Any CPU.ActiveCfg = Release|Any CPU
		{7BA3EBA6-B63D-4A5C-89AC-0D769F9DF8A9}.Release|Any CPU.Build.0 = Release|Any CPU
		{7BA3EBA6-B63D-4A5C-89AC-0D769F9DF8A9}.Release|Mixed Platforms.ActiveCfg = Release|Any CPU
		{7BA3EBA6-B63D-4A5C-89AC-0D769F9DF8A9}.Release|Mixed Platforms.Build.0 = Release|Any CPU
		{7BA3EBA6-B63D-4A5C-89AC-0D769F9DF8A9}.Release|x86.ActiveCfg = Release|Any CPU
		{4B96C570-31EC-471C-B3DC-74C6A707722C}.Debug|Any CPU.ActiveCfg = Debug|Any CPU
		{4B96C570-31EC-471C-B3DC-74C6A707722C}.Debug|Any CPU.Build.0 = Debug|Any CPU
		{4B96C570-31EC-471C-B3DC-74C6A707722C}.Debug|Mixed Platforms.ActiveCfg = Debug|Any CPU
		{4B96C570-31EC-471C-B3DC-74C6A707722C}.Debug|Mixed Platforms.Build.0 = Debug|Any CPU
		{4B96C570-31EC-471C-B3DC-74C6A707722C}.Debug|x86.ActiveCfg = Debug|Any CPU
		{4B96C570-31EC-471C-B3DC-74C6A707722C}.Release|Any CPU.ActiveCfg = Release|Any CPU
		{4B96C570-31EC-471C-B3DC-74C6A707722C}.Release|Any CPU.Build.0 = Release|Any CPU
		{4B96C570-31EC-471C-B3DC-74C6A707722C}.Release|Mixed Platforms.ActiveCfg = Release|Any CPU
		{4B96C570-31EC-471C-B3DC-74C6A707722C}.Release|Mixed Platforms.Build.0 = Release|Any CPU
		{4B96C570-31EC-471C-B3DC-74C6A707722C}.Release|x86.ActiveCfg = Release|Any CPU
		{B0592565-98DE-466C-8766-D4871FD1A30E}.Debug|Any CPU.ActiveCfg = Debug|Any CPU
		{B0592565-98DE-466C-8766-D4871FD1A30E}.Debug|Any CPU.Build.0 = Debug|Any CPU
		{B0592565-98DE-466C-8766-D4871FD1A30E}.Debug|Mixed Platforms.ActiveCfg = Debug|Any CPU
		{B0592565-98DE-466C-8766-D4871FD1A30E}.Debug|Mixed Platforms.Build.0 = Debug|Any CPU
		{B0592565-98DE-466C-8766-D4871FD1A30E}.Debug|x86.ActiveCfg = Debug|Any CPU
		{B0592565-98DE-466C-8766-D4871FD1A30E}.Release|Any CPU.ActiveCfg = Release|Any CPU
		{B0592565-98DE-466C-8766-D4871FD1A30E}.Release|Any CPU.Build.0 = Release|Any CPU
		{B0592565-98DE-466C-8766-D4871FD1A30E}.Release|Mixed Platforms.ActiveCfg = Release|Any CPU
		{B0592565-98DE-466C-8766-D4871FD1A30E}.Release|Mixed Platforms.Build.0 = Release|Any CPU
		{B0592565-98DE-466C-8766-D4871FD1A30E}.Release|x86.ActiveCfg = Release|Any CPU
		{745060E7-6204-4F18-871B-24D87931420E}.Debug|Any CPU.ActiveCfg = Debug|Any CPU
		{745060E7-6204-4F18-871B-24D87931420E}.Debug|Any CPU.Build.0 = Debug|Any CPU
		{745060E7-6204-4F18-871B-24D87931420E}.Debug|Mixed Platforms.ActiveCfg = Debug|Any CPU
		{745060E7-6204-4F18-871B-24D87931420E}.Debug|Mixed Platforms.Build.0 = Debug|Any CPU
		{745060E7-6204-4F18-871B-24D87931420E}.Debug|x86.ActiveCfg = Debug|Any CPU
		{745060E7-6204-4F18-871B-24D87931420E}.Release|Any CPU.ActiveCfg = Release|Any CPU
		{745060E7-6204-4F18-871B-24D87931420E}.Release|Any CPU.Build.0 = Release|Any CPU
		{745060E7-6204-4F18-871B-24D87931420E}.Release|Mixed Platforms.ActiveCfg = Release|Any CPU
		{745060E7-6204-4F18-871B-24D87931420E}.Release|Mixed Platforms.Build.0 = Release|Any CPU
		{745060E7-6204-4F18-871B-24D87931420E}.Release|x86.ActiveCfg = Release|Any CPU
		{53617AE6-A099-474D-9E1F-375DE025ACD5}.Debug|Any CPU.ActiveCfg = Debug|Any CPU
		{53617AE6-A099-474D-9E1F-375DE025ACD5}.Debug|Any CPU.Build.0 = Debug|Any CPU
		{53617AE6-A099-474D-9E1F-375DE025ACD5}.Debug|Mixed Platforms.ActiveCfg = Debug|Any CPU
		{53617AE6-A099-474D-9E1F-375DE025ACD5}.Debug|Mixed Platforms.Build.0 = Debug|Any CPU
		{53617AE6-A099-474D-9E1F-375DE025ACD5}.Debug|x86.ActiveCfg = Debug|Any CPU
		{53617AE6-A099-474D-9E1F-375DE025ACD5}.Release|Any CPU.ActiveCfg = Release|Any CPU
		{53617AE6-A099-474D-9E1F-375DE025ACD5}.Release|Any CPU.Build.0 = Release|Any CPU
		{53617AE6-A099-474D-9E1F-375DE025ACD5}.Release|Mixed Platforms.ActiveCfg = Release|Any CPU
		{53617AE6-A099-474D-9E1F-375DE025ACD5}.Release|Mixed Platforms.Build.0 = Release|Any CPU
		{53617AE6-A099-474D-9E1F-375DE025ACD5}.Release|x86.ActiveCfg = Release|Any CPU
	EndGlobalSection
	GlobalSection(SolutionProperties) = preSolution
		HideSolutionNode = FALSE
	EndGlobalSection
	GlobalSection(PowerDesigner) = preSolution
		HasSWS = 1
	EndGlobalSection
EndGlobal
